// !$*UTF8*$!
{
	archiveVersion = 1;
	classes = {
	};
	objectVersion = 46;
	objects = {

/* Begin PBXBuildFile section */
		6003F58E195388D20070C39A /* Foundation.framework in Frameworks */ = {isa = PBXBuildFile; fileRef = 6003F58D195388D20070C39A /* Foundation.framework */; };
		6003F590195388D20070C39A /* CoreGraphics.framework in Frameworks */ = {isa = PBXBuildFile; fileRef = 6003F58F195388D20070C39A /* CoreGraphics.framework */; };
		6003F592195388D20070C39A /* UIKit.framework in Frameworks */ = {isa = PBXBuildFile; fileRef = 6003F591195388D20070C39A /* UIKit.framework */; };
		6003F598195388D20070C39A /* InfoPlist.strings in Resources */ = {isa = PBXBuildFile; fileRef = 6003F596195388D20070C39A /* InfoPlist.strings */; };
		6003F59A195388D20070C39A /* main.m in Sources */ = {isa = PBXBuildFile; fileRef = 6003F599195388D20070C39A /* main.m */; };
		6003F59E195388D20070C39A /* AppDelegate.m in Sources */ = {isa = PBXBuildFile; fileRef = 6003F59D195388D20070C39A /* AppDelegate.m */; };
		6003F5A9195388D20070C39A /* Images.xcassets in Resources */ = {isa = PBXBuildFile; fileRef = 6003F5A8195388D20070C39A /* Images.xcassets */; };
		873B8AEB1B1F5CCA007FD442 /* Main.storyboard in Resources */ = {isa = PBXBuildFile; fileRef = 873B8AEA1B1F5CCA007FD442 /* Main.storyboard */; };
		B027A28E1E0A5349007703B9 /* BlazeFlowTableViewController.m in Sources */ = {isa = PBXBuildFile; fileRef = B027A2881E0A4CC8007703B9 /* BlazeFlowTableViewController.m */; };
		B027A28F1E0A537D007703B9 /* BlazeFlowViewController.m in Sources */ = {isa = PBXBuildFile; fileRef = B027A28A1E0A4CC8007703B9 /* BlazeFlowViewController.m */; };
		B0CF2B861DE836D8004FC2C4 /* BlazeFlow.m in Sources */ = {isa = PBXBuildFile; fileRef = B0CF2B851DE836D8004FC2C4 /* BlazeFlow.m */; };
		B0CF2B981DEA0081004FC2C4 /* Launch.xib in Resources */ = {isa = PBXBuildFile; fileRef = B0CF2B971DEA0081004FC2C4 /* Launch.xib */; };
		B0CF2BA91DEA02C8004FC2C4 /* Localizable.strings in Resources */ = {isa = PBXBuildFile; fileRef = B0CF2BAB1DEA02C8004FC2C4 /* Localizable.strings */; };
		B0CF2BB31DEA11E4004FC2C4 /* LoginFlow.m in Sources */ = {isa = PBXBuildFile; fileRef = B0CF2BAE1DEA11E4004FC2C4 /* LoginFlow.m */; };
		B0CF2BB51DEA11E4004FC2C4 /* LoginViewController.m in Sources */ = {isa = PBXBuildFile; fileRef = B0CF2BB21DEA11E4004FC2C4 /* LoginViewController.m */; };
		B0CF2BC01DEA120D004FC2C4 /* UIView+SimpleAnimations.m in Sources */ = {isa = PBXBuildFile; fileRef = B0CF2BBD1DEA120D004FC2C4 /* UIView+SimpleAnimations.m */; };
		B0CF2BC11DEA120D004FC2C4 /* User.m in Sources */ = {isa = PBXBuildFile; fileRef = B0CF2BBF1DEA120D004FC2C4 /* User.m */; };
		B0CF2BCA1DEA125F004FC2C4 /* CardBottomSection.xib in Resources */ = {isa = PBXBuildFile; fileRef = B0CF2BC31DEA125F004FC2C4 /* CardBottomSection.xib */; };
		B0CF2BCB1DEA125F004FC2C4 /* CardButtonTableViewCell.xib in Resources */ = {isa = PBXBuildFile; fileRef = B0CF2BC41DEA125F004FC2C4 /* CardButtonTableViewCell.xib */; };
		B0CF2BCC1DEA125F004FC2C4 /* CardForgotPasswordTableViewCell.xib in Resources */ = {isa = PBXBuildFile; fileRef = B0CF2BC51DEA125F004FC2C4 /* CardForgotPasswordTableViewCell.xib */; };
		B0CF2BCD1DEA125F004FC2C4 /* CardMiddleSection.xib in Resources */ = {isa = PBXBuildFile; fileRef = B0CF2BC61DEA125F004FC2C4 /* CardMiddleSection.xib */; };
		B0CF2BCE1DEA125F004FC2C4 /* CardTextFieldTableViewCell.xib in Resources */ = {isa = PBXBuildFile; fileRef = B0CF2BC71DEA125F004FC2C4 /* CardTextFieldTableViewCell.xib */; };
		B0CF2BCF1DEA125F004FC2C4 /* CardTitleTableViewCell.xib in Resources */ = {isa = PBXBuildFile; fileRef = B0CF2BC81DEA125F004FC2C4 /* CardTitleTableViewCell.xib */; };
		B0CF2BD01DEA125F004FC2C4 /* CardTopSection.xib in Resources */ = {isa = PBXBuildFile; fileRef = B0CF2BC91DEA125F004FC2C4 /* CardTopSection.xib */; };
		C425F645E997B2D1AFAA5CF6 /* Pods_BlazeFlow_Example.framework in Frameworks */ = {isa = PBXBuildFile; fileRef = 63CFC43FCA356BB360588D18 /* Pods_BlazeFlow_Example.framework */; };
/* End PBXBuildFile section */

/* Begin PBXFileReference section */
		1F41043585A0103B9A26EDAA /* LICENSE */ = {isa = PBXFileReference; includeInIndex = 1; lastKnownFileType = text; name = LICENSE; path = ../LICENSE; sourceTree = "<group>"; };
		34AB87307FD44A46527430C3 /* Pods-BlazeFlow_Example.debug.xcconfig */ = {isa = PBXFileReference; includeInIndex = 1; lastKnownFileType = text.xcconfig; name = "Pods-BlazeFlow_Example.debug.xcconfig"; path = "Pods/Target Support Files/Pods-BlazeFlow_Example/Pods-BlazeFlow_Example.debug.xcconfig"; sourceTree = "<group>"; };
		6003F58A195388D20070C39A /* BlazeFlow_Example.app */ = {isa = PBXFileReference; explicitFileType = wrapper.application; includeInIndex = 0; path = BlazeFlow_Example.app; sourceTree = BUILT_PRODUCTS_DIR; };
		6003F58D195388D20070C39A /* Foundation.framework */ = {isa = PBXFileReference; lastKnownFileType = wrapper.framework; name = Foundation.framework; path = System/Library/Frameworks/Foundation.framework; sourceTree = SDKROOT; };
		6003F58F195388D20070C39A /* CoreGraphics.framework */ = {isa = PBXFileReference; lastKnownFileType = wrapper.framework; name = CoreGraphics.framework; path = System/Library/Frameworks/CoreGraphics.framework; sourceTree = SDKROOT; };
		6003F591195388D20070C39A /* UIKit.framework */ = {isa = PBXFileReference; lastKnownFileType = wrapper.framework; name = UIKit.framework; path = System/Library/Frameworks/UIKit.framework; sourceTree = SDKROOT; };
		6003F595195388D20070C39A /* BlazeFlow-Info.plist */ = {isa = PBXFileReference; lastKnownFileType = text.plist.xml; path = "BlazeFlow-Info.plist"; sourceTree = "<group>"; };
		6003F597195388D20070C39A /* en */ = {isa = PBXFileReference; lastKnownFileType = text.plist.strings; name = en; path = en.lproj/InfoPlist.strings; sourceTree = "<group>"; };
		6003F599195388D20070C39A /* main.m */ = {isa = PBXFileReference; lastKnownFileType = sourcecode.c.objc; path = main.m; sourceTree = "<group>"; };
		6003F59C195388D20070C39A /* AppDelegate.h */ = {isa = PBXFileReference; lastKnownFileType = sourcecode.c.h; path = AppDelegate.h; sourceTree = "<group>"; };
		6003F59D195388D20070C39A /* AppDelegate.m */ = {isa = PBXFileReference; lastKnownFileType = sourcecode.c.objc; path = AppDelegate.m; sourceTree = "<group>"; };
		6003F5A8195388D20070C39A /* Images.xcassets */ = {isa = PBXFileReference; lastKnownFileType = folder.assetcatalog; path = Images.xcassets; sourceTree = "<group>"; };
		60FF3B682760593155D7031A /* BlazeFlow.podspec */ = {isa = PBXFileReference; includeInIndex = 1; lastKnownFileType = text; name = BlazeFlow.podspec; path = ../BlazeFlow.podspec; sourceTree = "<group>"; };
		63CFC43FCA356BB360588D18 /* Pods_BlazeFlow_Example.framework */ = {isa = PBXFileReference; explicitFileType = wrapper.framework; includeInIndex = 0; path = Pods_BlazeFlow_Example.framework; sourceTree = BUILT_PRODUCTS_DIR; };
		873B8AEA1B1F5CCA007FD442 /* Main.storyboard */ = {isa = PBXFileReference; fileEncoding = 4; lastKnownFileType = file.storyboard; path = Main.storyboard; sourceTree = "<group>"; };
		B027A2871E0A4CC8007703B9 /* BlazeFlowTableViewController.h */ = {isa = PBXFileReference; fileEncoding = 4; lastKnownFileType = sourcecode.c.h; path = BlazeFlowTableViewController.h; sourceTree = "<group>"; };
		B027A2881E0A4CC8007703B9 /* BlazeFlowTableViewController.m */ = {isa = PBXFileReference; fileEncoding = 4; lastKnownFileType = sourcecode.c.objc; path = BlazeFlowTableViewController.m; sourceTree = "<group>"; };
		B027A2891E0A4CC8007703B9 /* BlazeFlowViewController.h */ = {isa = PBXFileReference; fileEncoding = 4; lastKnownFileType = sourcecode.c.h; path = BlazeFlowViewController.h; sourceTree = "<group>"; };
		B027A28A1E0A4CC8007703B9 /* BlazeFlowViewController.m */ = {isa = PBXFileReference; fileEncoding = 4; lastKnownFileType = sourcecode.c.objc; path = BlazeFlowViewController.m; sourceTree = "<group>"; };
		B0CF2B841DE836D8004FC2C4 /* BlazeFlow.h */ = {isa = PBXFileReference; fileEncoding = 4; lastKnownFileType = sourcecode.c.h; path = BlazeFlow.h; sourceTree = "<group>"; };
		B0CF2B851DE836D8004FC2C4 /* BlazeFlow.m */ = {isa = PBXFileReference; fileEncoding = 4; lastKnownFileType = sourcecode.c.objc; path = BlazeFlow.m; sourceTree = "<group>"; };
		B0CF2B971DEA0081004FC2C4 /* Launch.xib */ = {isa = PBXFileReference; fileEncoding = 4; lastKnownFileType = file.xib; path = Launch.xib; sourceTree = "<group>"; };
		B0CF2BAA1DEA02C8004FC2C4 /* Base */ = {isa = PBXFileReference; lastKnownFileType = text.plist.strings; name = Base; path = Base.lproj/Localizable.strings; sourceTree = "<group>"; };
		B0CF2BAD1DEA11E4004FC2C4 /* LoginFlow.h */ = {isa = PBXFileReference; fileEncoding = 4; lastKnownFileType = sourcecode.c.h; path = LoginFlow.h; sourceTree = "<group>"; };
		B0CF2BAE1DEA11E4004FC2C4 /* LoginFlow.m */ = {isa = PBXFileReference; fileEncoding = 4; lastKnownFileType = sourcecode.c.objc; path = LoginFlow.m; sourceTree = "<group>"; };
		B0CF2BB11DEA11E4004FC2C4 /* LoginViewController.h */ = {isa = PBXFileReference; fileEncoding = 4; lastKnownFileType = sourcecode.c.h; path = LoginViewController.h; sourceTree = "<group>"; };
		B0CF2BB21DEA11E4004FC2C4 /* LoginViewController.m */ = {isa = PBXFileReference; fileEncoding = 4; lastKnownFileType = sourcecode.c.objc; path = LoginViewController.m; sourceTree = "<group>"; };
		B0CF2BBC1DEA120D004FC2C4 /* UIView+SimpleAnimations.h */ = {isa = PBXFileReference; fileEncoding = 4; lastKnownFileType = sourcecode.c.h; path = "UIView+SimpleAnimations.h"; sourceTree = "<group>"; };
		B0CF2BBD1DEA120D004FC2C4 /* UIView+SimpleAnimations.m */ = {isa = PBXFileReference; fileEncoding = 4; lastKnownFileType = sourcecode.c.objc; path = "UIView+SimpleAnimations.m"; sourceTree = "<group>"; };
		B0CF2BBE1DEA120D004FC2C4 /* User.h */ = {isa = PBXFileReference; fileEncoding = 4; lastKnownFileType = sourcecode.c.h; path = User.h; sourceTree = "<group>"; };
		B0CF2BBF1DEA120D004FC2C4 /* User.m */ = {isa = PBXFileReference; fileEncoding = 4; lastKnownFileType = sourcecode.c.objc; path = User.m; sourceTree = "<group>"; };
		B0CF2BC31DEA125F004FC2C4 /* CardBottomSection.xib */ = {isa = PBXFileReference; fileEncoding = 4; lastKnownFileType = file.xib; path = CardBottomSection.xib; sourceTree = "<group>"; };
		B0CF2BC41DEA125F004FC2C4 /* CardButtonTableViewCell.xib */ = {isa = PBXFileReference; fileEncoding = 4; lastKnownFileType = file.xib; path = CardButtonTableViewCell.xib; sourceTree = "<group>"; };
		B0CF2BC51DEA125F004FC2C4 /* CardForgotPasswordTableViewCell.xib */ = {isa = PBXFileReference; fileEncoding = 4; lastKnownFileType = file.xib; path = CardForgotPasswordTableViewCell.xib; sourceTree = "<group>"; };
		B0CF2BC61DEA125F004FC2C4 /* CardMiddleSection.xib */ = {isa = PBXFileReference; fileEncoding = 4; lastKnownFileType = file.xib; path = CardMiddleSection.xib; sourceTree = "<group>"; };
		B0CF2BC71DEA125F004FC2C4 /* CardTextFieldTableViewCell.xib */ = {isa = PBXFileReference; fileEncoding = 4; lastKnownFileType = file.xib; path = CardTextFieldTableViewCell.xib; sourceTree = "<group>"; };
		B0CF2BC81DEA125F004FC2C4 /* CardTitleTableViewCell.xib */ = {isa = PBXFileReference; fileEncoding = 4; lastKnownFileType = file.xib; path = CardTitleTableViewCell.xib; sourceTree = "<group>"; };
		B0CF2BC91DEA125F004FC2C4 /* CardTopSection.xib */ = {isa = PBXFileReference; fileEncoding = 4; lastKnownFileType = file.xib; path = CardTopSection.xib; sourceTree = "<group>"; };
		BEE705F7EB61DFC747CD3382 /* README.md */ = {isa = PBXFileReference; includeInIndex = 1; lastKnownFileType = net.daringfireball.markdown; name = README.md; path = ../README.md; sourceTree = "<group>"; };
		F423F3F9A4DD0D885851979A /* Pods-BlazeFlow_Example.release.xcconfig */ = {isa = PBXFileReference; includeInIndex = 1; lastKnownFileType = text.xcconfig; name = "Pods-BlazeFlow_Example.release.xcconfig"; path = "Pods/Target Support Files/Pods-BlazeFlow_Example/Pods-BlazeFlow_Example.release.xcconfig"; sourceTree = "<group>"; };
/* End PBXFileReference section */

/* Begin PBXFrameworksBuildPhase section */
		6003F587195388D20070C39A /* Frameworks */ = {
			isa = PBXFrameworksBuildPhase;
			buildActionMask = 2147483647;
			files = (
				6003F590195388D20070C39A /* CoreGraphics.framework in Frameworks */,
				6003F592195388D20070C39A /* UIKit.framework in Frameworks */,
				6003F58E195388D20070C39A /* Foundation.framework in Frameworks */,
				C425F645E997B2D1AFAA5CF6 /* Pods_BlazeFlow_Example.framework in Frameworks */,
			);
			runOnlyForDeploymentPostprocessing = 0;
		};
/* End PBXFrameworksBuildPhase section */

/* Begin PBXGroup section */
		6003F581195388D10070C39A = {
			isa = PBXGroup;
			children = (
				60FF7A9C1954A5C5007DD14C /* Podspec Metadata */,
				B0CF2B831DE836A7004FC2C4 /* BlazeFlow */,
				6003F593195388D20070C39A /* Example */,
				6003F58C195388D20070C39A /* Frameworks */,
				6003F58B195388D20070C39A /* Products */,
				C005A9309D91211B1D3506A4 /* Pods */,
			);
			sourceTree = "<group>";
		};
		6003F58B195388D20070C39A /* Products */ = {
			isa = PBXGroup;
			children = (
				6003F58A195388D20070C39A /* BlazeFlow_Example.app */,
			);
			name = Products;
			sourceTree = "<group>";
		};
		6003F58C195388D20070C39A /* Frameworks */ = {
			isa = PBXGroup;
			children = (
				6003F58D195388D20070C39A /* Foundation.framework */,
				6003F58F195388D20070C39A /* CoreGraphics.framework */,
				6003F591195388D20070C39A /* UIKit.framework */,
				63CFC43FCA356BB360588D18 /* Pods_BlazeFlow_Example.framework */,
			);
			name = Frameworks;
			sourceTree = "<group>";
		};
		6003F593195388D20070C39A /* Example */ = {
			isa = PBXGroup;
			children = (
				B0CF2BAC1DEA11E4004FC2C4 /* LoginFlow */,
				B0CF2BC21DEA125F004FC2C4 /* TableViewCells */,
				B0CF2BBC1DEA120D004FC2C4 /* UIView+SimpleAnimations.h */,
				B0CF2BBD1DEA120D004FC2C4 /* UIView+SimpleAnimations.m */,
				B0CF2BBE1DEA120D004FC2C4 /* User.h */,
				B0CF2BBF1DEA120D004FC2C4 /* User.m */,
				6003F59C195388D20070C39A /* AppDelegate.h */,
				6003F59D195388D20070C39A /* AppDelegate.m */,
				873B8AEA1B1F5CCA007FD442 /* Main.storyboard */,
				B0CF2B971DEA0081004FC2C4 /* Launch.xib */,
				6003F5A8195388D20070C39A /* Images.xcassets */,
				6003F594195388D20070C39A /* Supporting Files */,
			);
			name = Example;
			path = BlazeFlow;
			sourceTree = "<group>";
		};
		6003F594195388D20070C39A /* Supporting Files */ = {
			isa = PBXGroup;
			children = (
				6003F595195388D20070C39A /* BlazeFlow-Info.plist */,
				6003F596195388D20070C39A /* InfoPlist.strings */,
				6003F599195388D20070C39A /* main.m */,
				B0CF2BAB1DEA02C8004FC2C4 /* Localizable.strings */,
			);
			name = "Supporting Files";
			sourceTree = "<group>";
		};
		60FF7A9C1954A5C5007DD14C /* Podspec Metadata */ = {
			isa = PBXGroup;
			children = (
				60FF3B682760593155D7031A /* BlazeFlow.podspec */,
				BEE705F7EB61DFC747CD3382 /* README.md */,
				1F41043585A0103B9A26EDAA /* LICENSE */,
			);
			name = "Podspec Metadata";
			sourceTree = "<group>";
		};
		B0CF2B831DE836A7004FC2C4 /* BlazeFlow */ = {
			isa = PBXGroup;
			children = (
				B0CF2B841DE836D8004FC2C4 /* BlazeFlow.h */,
				B0CF2B851DE836D8004FC2C4 /* BlazeFlow.m */,
				B027A2871E0A4CC8007703B9 /* BlazeFlowTableViewController.h */,
				B027A2881E0A4CC8007703B9 /* BlazeFlowTableViewController.m */,
				B027A2891E0A4CC8007703B9 /* BlazeFlowViewController.h */,
				B027A28A1E0A4CC8007703B9 /* BlazeFlowViewController.m */,
			);
			name = BlazeFlow;
			path = ../BlazeFlow/Classes;
			sourceTree = "<group>";
		};
		B0CF2BAC1DEA11E4004FC2C4 /* LoginFlow */ = {
			isa = PBXGroup;
			children = (
				B0CF2BAD1DEA11E4004FC2C4 /* LoginFlow.h */,
				B0CF2BAE1DEA11E4004FC2C4 /* LoginFlow.m */,
				B0CF2BB11DEA11E4004FC2C4 /* LoginViewController.h */,
				B0CF2BB21DEA11E4004FC2C4 /* LoginViewController.m */,
			);
			path = LoginFlow;
			sourceTree = "<group>";
		};
		B0CF2BC21DEA125F004FC2C4 /* TableViewCells */ = {
			isa = PBXGroup;
			children = (
				B0CF2BC31DEA125F004FC2C4 /* CardBottomSection.xib */,
				B0CF2BC41DEA125F004FC2C4 /* CardButtonTableViewCell.xib */,
				B0CF2BC51DEA125F004FC2C4 /* CardForgotPasswordTableViewCell.xib */,
				B0CF2BC61DEA125F004FC2C4 /* CardMiddleSection.xib */,
				B0CF2BC71DEA125F004FC2C4 /* CardTextFieldTableViewCell.xib */,
				B0CF2BC81DEA125F004FC2C4 /* CardTitleTableViewCell.xib */,
				B0CF2BC91DEA125F004FC2C4 /* CardTopSection.xib */,
			);
			path = TableViewCells;
			sourceTree = "<group>";
		};
		C005A9309D91211B1D3506A4 /* Pods */ = {
			isa = PBXGroup;
			children = (
				34AB87307FD44A46527430C3 /* Pods-BlazeFlow_Example.debug.xcconfig */,
				F423F3F9A4DD0D885851979A /* Pods-BlazeFlow_Example.release.xcconfig */,
			);
			name = Pods;
			sourceTree = "<group>";
		};
/* End PBXGroup section */

/* Begin PBXNativeTarget section */
		6003F589195388D20070C39A /* BlazeFlow_Example */ = {
			isa = PBXNativeTarget;
			buildConfigurationList = 6003F5BF195388D20070C39A /* Build configuration list for PBXNativeTarget "BlazeFlow_Example" */;
			buildPhases = (
				E0B3A8FD6D11D90D818BBD9D /* [CP] Check Pods Manifest.lock */,
				6003F586195388D20070C39A /* Sources */,
				6003F587195388D20070C39A /* Frameworks */,
				6003F588195388D20070C39A /* Resources */,
				E6A6014AFFE9EB59727D0C58 /* [CP] Embed Pods Frameworks */,
				A4169B994A042A139E7CDC6B /* [CP] Copy Pods Resources */,
			);
			buildRules = (
			);
			dependencies = (
			);
			name = BlazeFlow_Example;
			productName = BlazeFlow;
			productReference = 6003F58A195388D20070C39A /* BlazeFlow_Example.app */;
			productType = "com.apple.product-type.application";
		};
/* End PBXNativeTarget section */

/* Begin PBXProject section */
		6003F582195388D10070C39A /* Project object */ = {
			isa = PBXProject;
			attributes = {
				CLASSPREFIX = RAE;
				LastUpgradeCheck = 0810;
				ORGANIZATIONNAME = "Roy Derks";
			};
			buildConfigurationList = 6003F585195388D10070C39A /* Build configuration list for PBXProject "BlazeFlow" */;
			compatibilityVersion = "Xcode 3.2";
			developmentRegion = English;
			hasScannedForEncodings = 0;
			knownRegions = (
				en,
				Base,
			);
			mainGroup = 6003F581195388D10070C39A;
			productRefGroup = 6003F58B195388D20070C39A /* Products */;
			projectDirPath = "";
			projectRoot = "";
			targets = (
				6003F589195388D20070C39A /* BlazeFlow_Example */,
			);
		};
/* End PBXProject section */

/* Begin PBXResourcesBuildPhase section */
		6003F588195388D20070C39A /* Resources */ = {
			isa = PBXResourcesBuildPhase;
			buildActionMask = 2147483647;
			files = (
				873B8AEB1B1F5CCA007FD442 /* Main.storyboard in Resources */,
				B0CF2BA91DEA02C8004FC2C4 /* Localizable.strings in Resources */,
				B0CF2BCD1DEA125F004FC2C4 /* CardMiddleSection.xib in Resources */,
				B0CF2BCA1DEA125F004FC2C4 /* CardBottomSection.xib in Resources */,
				6003F5A9195388D20070C39A /* Images.xcassets in Resources */,
				B0CF2B981DEA0081004FC2C4 /* Launch.xib in Resources */,
				B0CF2BCC1DEA125F004FC2C4 /* CardForgotPasswordTableViewCell.xib in Resources */,
				6003F598195388D20070C39A /* InfoPlist.strings in Resources */,
				B0CF2BCF1DEA125F004FC2C4 /* CardTitleTableViewCell.xib in Resources */,
				B0CF2BD01DEA125F004FC2C4 /* CardTopSection.xib in Resources */,
				B0CF2BCB1DEA125F004FC2C4 /* CardButtonTableViewCell.xib in Resources */,
				B0CF2BCE1DEA125F004FC2C4 /* CardTextFieldTableViewCell.xib in Resources */,
			);
			runOnlyForDeploymentPostprocessing = 0;
		};
/* End PBXResourcesBuildPhase section */

/* Begin PBXShellScriptBuildPhase section */
		A4169B994A042A139E7CDC6B /* [CP] Copy Pods Resources */ = {
			isa = PBXShellScriptBuildPhase;
			buildActionMask = 2147483647;
			files = (
			);
			inputPaths = (
			);
			name = "[CP] Copy Pods Resources";
			outputPaths = (
			);
			runOnlyForDeploymentPostprocessing = 0;
			shellPath = /bin/sh;
			shellScript = "\"${SRCROOT}/Pods/Target Support Files/Pods-BlazeFlow_Example/Pods-BlazeFlow_Example-resources.sh\"\n";
			showEnvVarsInLog = 0;
		};
		E0B3A8FD6D11D90D818BBD9D /* [CP] Check Pods Manifest.lock */ = {
			isa = PBXShellScriptBuildPhase;
			buildActionMask = 2147483647;
			files = (
			);
			inputPaths = (
			);
			name = "[CP] Check Pods Manifest.lock";
			outputPaths = (
			);
			runOnlyForDeploymentPostprocessing = 0;
			shellPath = /bin/sh;
			shellScript = "diff \"${PODS_ROOT}/../Podfile.lock\" \"${PODS_ROOT}/Manifest.lock\" > /dev/null\nif [ $? != 0 ] ; then\n    # print error to STDERR\n    echo \"error: The sandbox is not in sync with the Podfile.lock. Run 'pod install' or update your CocoaPods installation.\" >&2\n    exit 1\nfi\n";
			showEnvVarsInLog = 0;
		};
		E6A6014AFFE9EB59727D0C58 /* [CP] Embed Pods Frameworks */ = {
			isa = PBXShellScriptBuildPhase;
			buildActionMask = 2147483647;
			files = (
			);
			inputPaths = (
			);
			name = "[CP] Embed Pods Frameworks";
			outputPaths = (
			);
			runOnlyForDeploymentPostprocessing = 0;
			shellPath = /bin/sh;
			shellScript = "\"${SRCROOT}/Pods/Target Support Files/Pods-BlazeFlow_Example/Pods-BlazeFlow_Example-frameworks.sh\"\n";
			showEnvVarsInLog = 0;
		};
/* End PBXShellScriptBuildPhase section */

/* Begin PBXSourcesBuildPhase section */
		6003F586195388D20070C39A /* Sources */ = {
			isa = PBXSourcesBuildPhase;
			buildActionMask = 2147483647;
			files = (
				B0CF2BC11DEA120D004FC2C4 /* User.m in Sources */,
				B0CF2B861DE836D8004FC2C4 /* BlazeFlow.m in Sources */,
				B027A28E1E0A5349007703B9 /* BlazeFlowTableViewController.m in Sources */,
				B027A28F1E0A537D007703B9 /* BlazeFlowViewController.m in Sources */,
				6003F59E195388D20070C39A /* AppDelegate.m in Sources */,
				B0CF2BB51DEA11E4004FC2C4 /* LoginViewController.m in Sources */,
				B0CF2BC01DEA120D004FC2C4 /* UIView+SimpleAnimations.m in Sources */,
				6003F59A195388D20070C39A /* main.m in Sources */,
				B0CF2BB31DEA11E4004FC2C4 /* LoginFlow.m in Sources */,
			);
			runOnlyForDeploymentPostprocessing = 0;
		};
/* End PBXSourcesBuildPhase section */

/* Begin PBXVariantGroup section */
		6003F596195388D20070C39A /* InfoPlist.strings */ = {
			isa = PBXVariantGroup;
			children = (
				6003F597195388D20070C39A /* en */,
			);
			name = InfoPlist.strings;
			sourceTree = "<group>";
		};
		B0CF2BAB1DEA02C8004FC2C4 /* Localizable.strings */ = {
			isa = PBXVariantGroup;
			children = (
				B0CF2BAA1DEA02C8004FC2C4 /* Base */,
			);
			name = Localizable.strings;
			sourceTree = "<group>";
		};
/* End PBXVariantGroup section */

/* Begin XCBuildConfiguration section */
		6003F5BD195388D20070C39A /* Debug */ = {
			isa = XCBuildConfiguration;
			buildSettings = {
				ALWAYS_SEARCH_USER_PATHS = NO;
				CLANG_CXX_LANGUAGE_STANDARD = "gnu++0x";
				CLANG_CXX_LIBRARY = "libc++";
				CLANG_ENABLE_MODULES = YES;
				CLANG_ENABLE_OBJC_ARC = YES;
				CLANG_WARN_BOOL_CONVERSION = YES;
				CLANG_WARN_CONSTANT_CONVERSION = YES;
				CLANG_WARN_DIRECT_OBJC_ISA_USAGE = YES_ERROR;
				CLANG_WARN_EMPTY_BODY = YES;
				CLANG_WARN_ENUM_CONVERSION = YES;
				CLANG_WARN_INFINITE_RECURSION = YES;
				CLANG_WARN_INT_CONVERSION = YES;
				CLANG_WARN_OBJC_ROOT_CLASS = YES_ERROR;
				CLANG_WARN_SUSPICIOUS_MOVE = YES;
				CLANG_WARN_UNREACHABLE_CODE = YES;
				CLANG_WARN__DUPLICATE_METHOD_MATCH = YES;
				"CODE_SIGN_IDENTITY[sdk=iphoneos*]" = "iPhone Developer";
				COPY_PHASE_STRIP = NO;
				ENABLE_STRICT_OBJC_MSGSEND = YES;
				ENABLE_TESTABILITY = YES;
				GCC_C_LANGUAGE_STANDARD = gnu99;
				GCC_DYNAMIC_NO_PIC = NO;
				GCC_NO_COMMON_BLOCKS = YES;
				GCC_OPTIMIZATION_LEVEL = 0;
				GCC_PREPROCESSOR_DEFINITIONS = (
					"DEBUG=1",
					"$(inherited)",
				);
				GCC_SYMBOLS_PRIVATE_EXTERN = NO;
				GCC_WARN_64_TO_32_BIT_CONVERSION = YES;
				GCC_WARN_ABOUT_RETURN_TYPE = YES_ERROR;
				GCC_WARN_UNDECLARED_SELECTOR = YES;
				GCC_WARN_UNINITIALIZED_AUTOS = YES_AGGRESSIVE;
				GCC_WARN_UNUSED_FUNCTION = YES;
				GCC_WARN_UNUSED_VARIABLE = YES;
				IPHONEOS_DEPLOYMENT_TARGET = 8.3;
				ONLY_ACTIVE_ARCH = YES;
				SDKROOT = iphoneos;
				TARGETED_DEVICE_FAMILY = "1,2";
			};
			name = Debug;
		};
		6003F5BE195388D20070C39A /* Release */ = {
			isa = XCBuildConfiguration;
			buildSettings = {
				ALWAYS_SEARCH_USER_PATHS = NO;
				CLANG_CXX_LANGUAGE_STANDARD = "gnu++0x";
				CLANG_CXX_LIBRARY = "libc++";
				CLANG_ENABLE_MODULES = YES;
				CLANG_ENABLE_OBJC_ARC = YES;
				CLANG_WARN_BOOL_CONVERSION = YES;
				CLANG_WARN_CONSTANT_CONVERSION = YES;
				CLANG_WARN_DIRECT_OBJC_ISA_USAGE = YES_ERROR;
				CLANG_WARN_EMPTY_BODY = YES;
				CLANG_WARN_ENUM_CONVERSION = YES;
				CLANG_WARN_INFINITE_RECURSION = YES;
				CLANG_WARN_INT_CONVERSION = YES;
				CLANG_WARN_OBJC_ROOT_CLASS = YES_ERROR;
				CLANG_WARN_SUSPICIOUS_MOVE = YES;
				CLANG_WARN_UNREACHABLE_CODE = YES;
				CLANG_WARN__DUPLICATE_METHOD_MATCH = YES;
				"CODE_SIGN_IDENTITY[sdk=iphoneos*]" = "iPhone Developer";
				COPY_PHASE_STRIP = YES;
				ENABLE_NS_ASSERTIONS = NO;
				ENABLE_STRICT_OBJC_MSGSEND = YES;
				GCC_C_LANGUAGE_STANDARD = gnu99;
				GCC_NO_COMMON_BLOCKS = YES;
				GCC_WARN_64_TO_32_BIT_CONVERSION = YES;
				GCC_WARN_ABOUT_RETURN_TYPE = YES_ERROR;
				GCC_WARN_UNDECLARED_SELECTOR = YES;
				GCC_WARN_UNINITIALIZED_AUTOS = YES_AGGRESSIVE;
				GCC_WARN_UNUSED_FUNCTION = YES;
				GCC_WARN_UNUSED_VARIABLE = YES;
				IPHONEOS_DEPLOYMENT_TARGET = 8.3;
				SDKROOT = iphoneos;
				TARGETED_DEVICE_FAMILY = "1,2";
				VALIDATE_PRODUCT = YES;
			};
			name = Release;
		};
		6003F5C0195388D20070C39A /* Debug */ = {
			isa = XCBuildConfiguration;
			baseConfigurationReference = 34AB87307FD44A46527430C3 /* Pods-BlazeFlow_Example.debug.xcconfig */;
			buildSettings = {
				ASSETCATALOG_COMPILER_APPICON_NAME = AppIcon;
				DEFINES_MODULE = NO;
				INFOPLIST_FILE = "BlazeFlow/BlazeFlow-Info.plist";
				MODULE_NAME = "";
				PRODUCT_BUNDLE_IDENTIFIER = "org.cocoapods.demo.${PRODUCT_NAME:rfc1034identifier}";
				PRODUCT_NAME = "$(TARGET_NAME)";
				WRAPPER_EXTENSION = app;
			};
			name = Debug;
		};
		6003F5C1195388D20070C39A /* Release */ = {
			isa = XCBuildConfiguration;
			baseConfigurationReference = F423F3F9A4DD0D885851979A /* Pods-BlazeFlow_Example.release.xcconfig */;
			buildSettings = {
				ASSETCATALOG_COMPILER_APPICON_NAME = AppIcon;
				DEFINES_MODULE = NO;
				INFOPLIST_FILE = "BlazeFlow/BlazeFlow-Info.plist";
				MODULE_NAME = "";
				PRODUCT_BUNDLE_IDENTIFIER = "org.cocoapods.demo.${PRODUCT_NAME:rfc1034identifier}";
				PRODUCT_NAME = "$(TARGET_NAME)";
				WRAPPER_EXTENSION = app;
			};
			name = Release;
		};
/* End XCBuildConfiguration section */

/* Begin XCConfigurationList section */
		6003F585195388D10070C39A /* Build configuration list for PBXProject "BlazeFlow" */ = {
			isa = XCConfigurationList;
			buildConfigurations = (
				6003F5BD195388D20070C39A /* Debug */,
				6003F5BE195388D20070C39A /* Release */,
			);
			defaultConfigurationIsVisible = 0;
			defaultConfigurationName = Release;
		};
		6003F5BF195388D20070C39A /* Build configuration list for PBXNativeTarget "BlazeFlow_Example" */ = {
			isa = XCConfigurationList;
			buildConfigurations = (
				6003F5C0195388D20070C39A /* Debug */,
				6003F5C1195388D20070C39A /* Release */,
			);
			defaultConfigurationIsVisible = 0;
			defaultConfigurationName = Release;
		};
/* End XCConfigurationList section */
	};
	rootObject = 6003F582195388D10070C39A /* Project object */;
}
