// !$*UTF8*$!
{
	archiveVersion = 1;
	classes = {
	};
	objectVersion = 46;
	objects = {

/* Begin PBXBuildFile section */
		1317CB70D1CC7B1A6AA21572 /* Pods_BlazeFlow_Login.framework in Frameworks */ = {isa = PBXBuildFile; fileRef = 36012FB7931DDDCDD9654F61 /* Pods_BlazeFlow_Login.framework */; };
		550C082499A426DAE8B4B2F3 /* Pods_BlazeFlow_Simple.framework in Frameworks */ = {isa = PBXBuildFile; fileRef = 24A287227FECA328DBE63EA1 /* Pods_BlazeFlow_Simple.framework */; };
		6003F58E195388D20070C39A /* Foundation.framework in Frameworks */ = {isa = PBXBuildFile; fileRef = 6003F58D195388D20070C39A /* Foundation.framework */; };
		6003F590195388D20070C39A /* CoreGraphics.framework in Frameworks */ = {isa = PBXBuildFile; fileRef = 6003F58F195388D20070C39A /* CoreGraphics.framework */; };
		6003F592195388D20070C39A /* UIKit.framework in Frameworks */ = {isa = PBXBuildFile; fileRef = 6003F591195388D20070C39A /* UIKit.framework */; };
		6003F598195388D20070C39A /* InfoPlist.strings in Resources */ = {isa = PBXBuildFile; fileRef = 6003F596195388D20070C39A /* InfoPlist.strings */; };
		6003F59A195388D20070C39A /* main.m in Sources */ = {isa = PBXBuildFile; fileRef = 6003F599195388D20070C39A /* main.m */; };
		6003F59E195388D20070C39A /* AppDelegate.m in Sources */ = {isa = PBXBuildFile; fileRef = 6003F59D195388D20070C39A /* AppDelegate.m */; };
		6003F5A9195388D20070C39A /* Images.xcassets in Resources */ = {isa = PBXBuildFile; fileRef = 6003F5A8195388D20070C39A /* Images.xcassets */; };
		873B8AEB1B1F5CCA007FD442 /* Main.storyboard in Resources */ = {isa = PBXBuildFile; fileRef = 873B8AEA1B1F5CCA007FD442 /* Main.storyboard */; };
		8F965BA394F88B4C8BE8047D /* Pods_BlazeFlow_Tree.framework in Frameworks */ = {isa = PBXBuildFile; fileRef = A44A82904428B08097AEBD15 /* Pods_BlazeFlow_Tree.framework */; };
		B00FF1451E1E3EF70046621C /* BlazeFlow_Simple.plist in Resources */ = {isa = PBXBuildFile; fileRef = B00FF1431E1E3EF70046621C /* BlazeFlow_Simple.plist */; };
		B00FF1461E1E3EF70046621C /* BlazeFlow_Simple.plist in Resources */ = {isa = PBXBuildFile; fileRef = B00FF1431E1E3EF70046621C /* BlazeFlow_Simple.plist */; };
		B00FF1471E1E3EF70046621C /* BlazeFlow_Simple.plist in Resources */ = {isa = PBXBuildFile; fileRef = B00FF1431E1E3EF70046621C /* BlazeFlow_Simple.plist */; };
		B00FF1481E1E3EF70046621C /* BlazeFlow_Tree.plist in Resources */ = {isa = PBXBuildFile; fileRef = B00FF1441E1E3EF70046621C /* BlazeFlow_Tree.plist */; };
		B00FF1491E1E3EF70046621C /* BlazeFlow_Tree.plist in Resources */ = {isa = PBXBuildFile; fileRef = B00FF1441E1E3EF70046621C /* BlazeFlow_Tree.plist */; };
		B00FF14A1E1E3EF70046621C /* BlazeFlow_Tree.plist in Resources */ = {isa = PBXBuildFile; fileRef = B00FF1441E1E3EF70046621C /* BlazeFlow_Tree.plist */; };
		B027A28E1E0A5349007703B9 /* BlazeFlowTableViewController.m in Sources */ = {isa = PBXBuildFile; fileRef = B027A2881E0A4CC8007703B9 /* BlazeFlowTableViewController.m */; };
		B027A28F1E0A537D007703B9 /* BlazeFlowViewController.m in Sources */ = {isa = PBXBuildFile; fileRef = B027A28A1E0A4CC8007703B9 /* BlazeFlowViewController.m */; };
		B086894A1E1D067E0014B21D /* User.m in Sources */ = {isa = PBXBuildFile; fileRef = B0CF2BBF1DEA120D004FC2C4 /* User.m */; };
		B086894B1E1D067E0014B21D /* BlazeFlow.m in Sources */ = {isa = PBXBuildFile; fileRef = B0CF2B851DE836D8004FC2C4 /* BlazeFlow.m */; };
		B086894C1E1D067E0014B21D /* BlazeFlowTableViewController.m in Sources */ = {isa = PBXBuildFile; fileRef = B027A2881E0A4CC8007703B9 /* BlazeFlowTableViewController.m */; };
		B086894D1E1D067E0014B21D /* BlazeFlowViewController.m in Sources */ = {isa = PBXBuildFile; fileRef = B027A28A1E0A4CC8007703B9 /* BlazeFlowViewController.m */; };
		B086894E1E1D067E0014B21D /* AppDelegate.m in Sources */ = {isa = PBXBuildFile; fileRef = 6003F59D195388D20070C39A /* AppDelegate.m */; };
		B086894F1E1D067E0014B21D /* LoginViewController.m in Sources */ = {isa = PBXBuildFile; fileRef = B0CF2BB21DEA11E4004FC2C4 /* LoginViewController.m */; };
		B08689501E1D067E0014B21D /* UIView+SimpleAnimations.m in Sources */ = {isa = PBXBuildFile; fileRef = B0CF2BBD1DEA120D004FC2C4 /* UIView+SimpleAnimations.m */; };
		B08689511E1D067E0014B21D /* main.m in Sources */ = {isa = PBXBuildFile; fileRef = 6003F599195388D20070C39A /* main.m */; };
		B08689521E1D067E0014B21D /* LoginFlow.m in Sources */ = {isa = PBXBuildFile; fileRef = B0CF2BAE1DEA11E4004FC2C4 /* LoginFlow.m */; };
		B08689541E1D067E0014B21D /* CoreGraphics.framework in Frameworks */ = {isa = PBXBuildFile; fileRef = 6003F58F195388D20070C39A /* CoreGraphics.framework */; };
		B08689551E1D067E0014B21D /* UIKit.framework in Frameworks */ = {isa = PBXBuildFile; fileRef = 6003F591195388D20070C39A /* UIKit.framework */; };
		B08689561E1D067E0014B21D /* Foundation.framework in Frameworks */ = {isa = PBXBuildFile; fileRef = 6003F58D195388D20070C39A /* Foundation.framework */; };
		B08689591E1D067E0014B21D /* Main.storyboard in Resources */ = {isa = PBXBuildFile; fileRef = 873B8AEA1B1F5CCA007FD442 /* Main.storyboard */; };
		B086895A1E1D067E0014B21D /* Localizable.strings in Resources */ = {isa = PBXBuildFile; fileRef = B0CF2BAB1DEA02C8004FC2C4 /* Localizable.strings */; };
		B086895B1E1D067E0014B21D /* CardMiddleSection.xib in Resources */ = {isa = PBXBuildFile; fileRef = B0CF2BC61DEA125F004FC2C4 /* CardMiddleSection.xib */; };
		B086895C1E1D067E0014B21D /* CardBottomSection.xib in Resources */ = {isa = PBXBuildFile; fileRef = B0CF2BC31DEA125F004FC2C4 /* CardBottomSection.xib */; };
		B086895D1E1D067E0014B21D /* Images.xcassets in Resources */ = {isa = PBXBuildFile; fileRef = 6003F5A8195388D20070C39A /* Images.xcassets */; };
		B086895E1E1D067E0014B21D /* Launch.xib in Resources */ = {isa = PBXBuildFile; fileRef = B0CF2B971DEA0081004FC2C4 /* Launch.xib */; };
		B086895F1E1D067E0014B21D /* CardForgotPasswordTableViewCell.xib in Resources */ = {isa = PBXBuildFile; fileRef = B0CF2BC51DEA125F004FC2C4 /* CardForgotPasswordTableViewCell.xib */; };
		B08689601E1D067E0014B21D /* InfoPlist.strings in Resources */ = {isa = PBXBuildFile; fileRef = 6003F596195388D20070C39A /* InfoPlist.strings */; };
		B08689611E1D067E0014B21D /* CardTitleTableViewCell.xib in Resources */ = {isa = PBXBuildFile; fileRef = B0CF2BC81DEA125F004FC2C4 /* CardTitleTableViewCell.xib */; };
		B08689621E1D067E0014B21D /* CardTopSection.xib in Resources */ = {isa = PBXBuildFile; fileRef = B0CF2BC91DEA125F004FC2C4 /* CardTopSection.xib */; };
		B08689631E1D067E0014B21D /* CardButtonTableViewCell.xib in Resources */ = {isa = PBXBuildFile; fileRef = B0CF2BC41DEA125F004FC2C4 /* CardButtonTableViewCell.xib */; };
		B08689641E1D067E0014B21D /* CardTextFieldTableViewCell.xib in Resources */ = {isa = PBXBuildFile; fileRef = B0CF2BC71DEA125F004FC2C4 /* CardTextFieldTableViewCell.xib */; };
		B086896F1E1D0C7E0014B21D /* SimpleFlow.m in Sources */ = {isa = PBXBuildFile; fileRef = B086896E1E1D0C7E0014B21D /* SimpleFlow.m */; };
		B08689711E1D0D3F0014B21D /* Main_simple.storyboard in Resources */ = {isa = PBXBuildFile; fileRef = B08689701E1D0D3F0014B21D /* Main_simple.storyboard */; };
		B08689721E1D0E910014B21D /* SimpleFlow.m in Sources */ = {isa = PBXBuildFile; fileRef = B086896E1E1D0C7E0014B21D /* SimpleFlow.m */; };
		B08689751E1D22CC0014B21D /* BlazeFlowSkippable.m in Sources */ = {isa = PBXBuildFile; fileRef = B08689741E1D22CC0014B21D /* BlazeFlowSkippable.m */; };
		B08689781E1D263A0014B21D /* SimpleFlowViewController.m in Sources */ = {isa = PBXBuildFile; fileRef = B08689771E1D263A0014B21D /* SimpleFlowViewController.m */; };
		B08689791E1D26C80014B21D /* BlazeFlowSkippable.m in Sources */ = {isa = PBXBuildFile; fileRef = B08689741E1D22CC0014B21D /* BlazeFlowSkippable.m */; };
		B086897A1E1D26CF0014B21D /* SimpleFlowViewController.m in Sources */ = {isa = PBXBuildFile; fileRef = B08689771E1D263A0014B21D /* SimpleFlowViewController.m */; };
		B086897F1E1D3C960014B21D /* BlazeFlowSkippable.m in Sources */ = {isa = PBXBuildFile; fileRef = B08689741E1D22CC0014B21D /* BlazeFlowSkippable.m */; };
		B08689801E1D3C960014B21D /* User.m in Sources */ = {isa = PBXBuildFile; fileRef = B0CF2BBF1DEA120D004FC2C4 /* User.m */; };
		B08689811E1D3C960014B21D /* BlazeFlow.m in Sources */ = {isa = PBXBuildFile; fileRef = B0CF2B851DE836D8004FC2C4 /* BlazeFlow.m */; };
		B08689821E1D3C960014B21D /* BlazeFlowTableViewController.m in Sources */ = {isa = PBXBuildFile; fileRef = B027A2881E0A4CC8007703B9 /* BlazeFlowTableViewController.m */; };
		B08689831E1D3C960014B21D /* BlazeFlowViewController.m in Sources */ = {isa = PBXBuildFile; fileRef = B027A28A1E0A4CC8007703B9 /* BlazeFlowViewController.m */; };
		B08689841E1D3C960014B21D /* AppDelegate.m in Sources */ = {isa = PBXBuildFile; fileRef = 6003F59D195388D20070C39A /* AppDelegate.m */; };
		B08689851E1D3C960014B21D /* SimpleFlowViewController.m in Sources */ = {isa = PBXBuildFile; fileRef = B08689771E1D263A0014B21D /* SimpleFlowViewController.m */; };
		B08689861E1D3C960014B21D /* LoginViewController.m in Sources */ = {isa = PBXBuildFile; fileRef = B0CF2BB21DEA11E4004FC2C4 /* LoginViewController.m */; };
		B08689871E1D3C960014B21D /* UIView+SimpleAnimations.m in Sources */ = {isa = PBXBuildFile; fileRef = B0CF2BBD1DEA120D004FC2C4 /* UIView+SimpleAnimations.m */; };
		B08689881E1D3C960014B21D /* SimpleFlow.m in Sources */ = {isa = PBXBuildFile; fileRef = B086896E1E1D0C7E0014B21D /* SimpleFlow.m */; };
		B08689891E1D3C960014B21D /* main.m in Sources */ = {isa = PBXBuildFile; fileRef = 6003F599195388D20070C39A /* main.m */; };
		B086898A1E1D3C960014B21D /* LoginFlow.m in Sources */ = {isa = PBXBuildFile; fileRef = B0CF2BAE1DEA11E4004FC2C4 /* LoginFlow.m */; };
		B086898C1E1D3C960014B21D /* CoreGraphics.framework in Frameworks */ = {isa = PBXBuildFile; fileRef = 6003F58F195388D20070C39A /* CoreGraphics.framework */; };
		B086898D1E1D3C960014B21D /* UIKit.framework in Frameworks */ = {isa = PBXBuildFile; fileRef = 6003F591195388D20070C39A /* UIKit.framework */; };
		B086898E1E1D3C960014B21D /* Foundation.framework in Frameworks */ = {isa = PBXBuildFile; fileRef = 6003F58D195388D20070C39A /* Foundation.framework */; };
		B08689911E1D3C960014B21D /* Main.storyboard in Resources */ = {isa = PBXBuildFile; fileRef = 873B8AEA1B1F5CCA007FD442 /* Main.storyboard */; };
		B08689921E1D3C960014B21D /* Localizable.strings in Resources */ = {isa = PBXBuildFile; fileRef = B0CF2BAB1DEA02C8004FC2C4 /* Localizable.strings */; };
		B08689931E1D3C960014B21D /* Main_simple.storyboard in Resources */ = {isa = PBXBuildFile; fileRef = B08689701E1D0D3F0014B21D /* Main_simple.storyboard */; };
		B08689941E1D3C960014B21D /* CardMiddleSection.xib in Resources */ = {isa = PBXBuildFile; fileRef = B0CF2BC61DEA125F004FC2C4 /* CardMiddleSection.xib */; };
		B08689951E1D3C960014B21D /* CardBottomSection.xib in Resources */ = {isa = PBXBuildFile; fileRef = B0CF2BC31DEA125F004FC2C4 /* CardBottomSection.xib */; };
		B08689961E1D3C960014B21D /* Images.xcassets in Resources */ = {isa = PBXBuildFile; fileRef = 6003F5A8195388D20070C39A /* Images.xcassets */; };
		B08689971E1D3C960014B21D /* Launch.xib in Resources */ = {isa = PBXBuildFile; fileRef = B0CF2B971DEA0081004FC2C4 /* Launch.xib */; };
		B08689981E1D3C960014B21D /* CardForgotPasswordTableViewCell.xib in Resources */ = {isa = PBXBuildFile; fileRef = B0CF2BC51DEA125F004FC2C4 /* CardForgotPasswordTableViewCell.xib */; };
		B08689991E1D3C960014B21D /* InfoPlist.strings in Resources */ = {isa = PBXBuildFile; fileRef = 6003F596195388D20070C39A /* InfoPlist.strings */; };
		B086899A1E1D3C960014B21D /* CardTitleTableViewCell.xib in Resources */ = {isa = PBXBuildFile; fileRef = B0CF2BC81DEA125F004FC2C4 /* CardTitleTableViewCell.xib */; };
		B086899B1E1D3C960014B21D /* CardTopSection.xib in Resources */ = {isa = PBXBuildFile; fileRef = B0CF2BC91DEA125F004FC2C4 /* CardTopSection.xib */; };
		B086899C1E1D3C960014B21D /* CardButtonTableViewCell.xib in Resources */ = {isa = PBXBuildFile; fileRef = B0CF2BC41DEA125F004FC2C4 /* CardButtonTableViewCell.xib */; };
		B086899D1E1D3C960014B21D /* CardTextFieldTableViewCell.xib in Resources */ = {isa = PBXBuildFile; fileRef = B0CF2BC71DEA125F004FC2C4 /* CardTextFieldTableViewCell.xib */; };
		B08689A71E1D3CC90014B21D /* BlazeFlowTree.m in Sources */ = {isa = PBXBuildFile; fileRef = B08689A61E1D3CC90014B21D /* BlazeFlowTree.m */; };
		B08689AB1E1D3FFC0014B21D /* TreeFlow.m in Sources */ = {isa = PBXBuildFile; fileRef = B08689AA1E1D3FFC0014B21D /* TreeFlow.m */; };
		B08689AE1E1D400A0014B21D /* TreeViewController.m in Sources */ = {isa = PBXBuildFile; fileRef = B08689AD1E1D400A0014B21D /* TreeViewController.m */; };
		B08689B01E1D401C0014B21D /* Main_tree.storyboard in Resources */ = {isa = PBXBuildFile; fileRef = B08689AF1E1D401C0014B21D /* Main_tree.storyboard */; };
		B08689B11E1D401C0014B21D /* Main_tree.storyboard in Resources */ = {isa = PBXBuildFile; fileRef = B08689AF1E1D401C0014B21D /* Main_tree.storyboard */; };
		B08689B21E1D401C0014B21D /* Main_tree.storyboard in Resources */ = {isa = PBXBuildFile; fileRef = B08689AF1E1D401C0014B21D /* Main_tree.storyboard */; };
		B08689B31E1D40250014B21D /* TreeViewController.m in Sources */ = {isa = PBXBuildFile; fileRef = B08689AD1E1D400A0014B21D /* TreeViewController.m */; };
		B08689B41E1D40260014B21D /* TreeViewController.m in Sources */ = {isa = PBXBuildFile; fileRef = B08689AD1E1D400A0014B21D /* TreeViewController.m */; };
		B08689B51E1D40290014B21D /* TreeFlow.m in Sources */ = {isa = PBXBuildFile; fileRef = B08689AA1E1D3FFC0014B21D /* TreeFlow.m */; };
		B08689B61E1D402A0014B21D /* TreeFlow.m in Sources */ = {isa = PBXBuildFile; fileRef = B08689AA1E1D3FFC0014B21D /* TreeFlow.m */; };
		B08689B71E1D402D0014B21D /* BlazeFlowTree.m in Sources */ = {isa = PBXBuildFile; fileRef = B08689A61E1D3CC90014B21D /* BlazeFlowTree.m */; };
		B08689B81E1D402E0014B21D /* BlazeFlowTree.m in Sources */ = {isa = PBXBuildFile; fileRef = B08689A61E1D3CC90014B21D /* BlazeFlowTree.m */; };
		B0CF2B861DE836D8004FC2C4 /* BlazeFlow.m in Sources */ = {isa = PBXBuildFile; fileRef = B0CF2B851DE836D8004FC2C4 /* BlazeFlow.m */; };
		B0CF2B981DEA0081004FC2C4 /* Launch.xib in Resources */ = {isa = PBXBuildFile; fileRef = B0CF2B971DEA0081004FC2C4 /* Launch.xib */; };
		B0CF2BA91DEA02C8004FC2C4 /* Localizable.strings in Resources */ = {isa = PBXBuildFile; fileRef = B0CF2BAB1DEA02C8004FC2C4 /* Localizable.strings */; };
		B0CF2BB31DEA11E4004FC2C4 /* LoginFlow.m in Sources */ = {isa = PBXBuildFile; fileRef = B0CF2BAE1DEA11E4004FC2C4 /* LoginFlow.m */; };
		B0CF2BB51DEA11E4004FC2C4 /* LoginViewController.m in Sources */ = {isa = PBXBuildFile; fileRef = B0CF2BB21DEA11E4004FC2C4 /* LoginViewController.m */; };
		B0CF2BC01DEA120D004FC2C4 /* UIView+SimpleAnimations.m in Sources */ = {isa = PBXBuildFile; fileRef = B0CF2BBD1DEA120D004FC2C4 /* UIView+SimpleAnimations.m */; };
		B0CF2BC11DEA120D004FC2C4 /* User.m in Sources */ = {isa = PBXBuildFile; fileRef = B0CF2BBF1DEA120D004FC2C4 /* User.m */; };
		B0CF2BCA1DEA125F004FC2C4 /* CardBottomSection.xib in Resources */ = {isa = PBXBuildFile; fileRef = B0CF2BC31DEA125F004FC2C4 /* CardBottomSection.xib */; };
		B0CF2BCB1DEA125F004FC2C4 /* CardButtonTableViewCell.xib in Resources */ = {isa = PBXBuildFile; fileRef = B0CF2BC41DEA125F004FC2C4 /* CardButtonTableViewCell.xib */; };
		B0CF2BCC1DEA125F004FC2C4 /* CardForgotPasswordTableViewCell.xib in Resources */ = {isa = PBXBuildFile; fileRef = B0CF2BC51DEA125F004FC2C4 /* CardForgotPasswordTableViewCell.xib */; };
		B0CF2BCD1DEA125F004FC2C4 /* CardMiddleSection.xib in Resources */ = {isa = PBXBuildFile; fileRef = B0CF2BC61DEA125F004FC2C4 /* CardMiddleSection.xib */; };
		B0CF2BCE1DEA125F004FC2C4 /* CardTextFieldTableViewCell.xib in Resources */ = {isa = PBXBuildFile; fileRef = B0CF2BC71DEA125F004FC2C4 /* CardTextFieldTableViewCell.xib */; };
		B0CF2BCF1DEA125F004FC2C4 /* CardTitleTableViewCell.xib in Resources */ = {isa = PBXBuildFile; fileRef = B0CF2BC81DEA125F004FC2C4 /* CardTitleTableViewCell.xib */; };
		B0CF2BD01DEA125F004FC2C4 /* CardTopSection.xib in Resources */ = {isa = PBXBuildFile; fileRef = B0CF2BC91DEA125F004FC2C4 /* CardTopSection.xib */; };
/* End PBXBuildFile section */

/* Begin PBXFileReference section */
		0339591DFEBA283B3CCDFDFD /* Pods-BlazeFlow_Tree.release.xcconfig */ = {isa = PBXFileReference; includeInIndex = 1; lastKnownFileType = text.xcconfig; name = "Pods-BlazeFlow_Tree.release.xcconfig"; path = "Pods/Target Support Files/Pods-BlazeFlow_Tree/Pods-BlazeFlow_Tree.release.xcconfig"; sourceTree = "<group>"; };
		03854CB64AD553F92040D799 /* Pods-BlazeFlow_Simple.release.xcconfig */ = {isa = PBXFileReference; includeInIndex = 1; lastKnownFileType = text.xcconfig; name = "Pods-BlazeFlow_Simple.release.xcconfig"; path = "Pods/Target Support Files/Pods-BlazeFlow_Simple/Pods-BlazeFlow_Simple.release.xcconfig"; sourceTree = "<group>"; };
		05F3A68FF0934CA8CB35F42F /* Pods-BlazeFlow_Tree.debug.xcconfig */ = {isa = PBXFileReference; includeInIndex = 1; lastKnownFileType = text.xcconfig; name = "Pods-BlazeFlow_Tree.debug.xcconfig"; path = "Pods/Target Support Files/Pods-BlazeFlow_Tree/Pods-BlazeFlow_Tree.debug.xcconfig"; sourceTree = "<group>"; };
		1F41043585A0103B9A26EDAA /* LICENSE */ = {isa = PBXFileReference; includeInIndex = 1; lastKnownFileType = text; name = LICENSE; path = ../LICENSE; sourceTree = "<group>"; };
		24A287227FECA328DBE63EA1 /* Pods_BlazeFlow_Simple.framework */ = {isa = PBXFileReference; explicitFileType = wrapper.framework; includeInIndex = 0; path = Pods_BlazeFlow_Simple.framework; sourceTree = BUILT_PRODUCTS_DIR; };
		34AB87307FD44A46527430C3 /* Pods-BlazeFlow_Example.debug.xcconfig */ = {isa = PBXFileReference; includeInIndex = 1; lastKnownFileType = text.xcconfig; name = "Pods-BlazeFlow_Example.debug.xcconfig"; path = "Pods/Target Support Files/Pods-BlazeFlow_Example/Pods-BlazeFlow_Example.debug.xcconfig"; sourceTree = "<group>"; };
		36012FB7931DDDCDD9654F61 /* Pods_BlazeFlow_Login.framework */ = {isa = PBXFileReference; explicitFileType = wrapper.framework; includeInIndex = 0; path = Pods_BlazeFlow_Login.framework; sourceTree = BUILT_PRODUCTS_DIR; };
		6003F58A195388D20070C39A /* BlazeFlow_Login.app */ = {isa = PBXFileReference; explicitFileType = wrapper.application; includeInIndex = 0; path = BlazeFlow_Login.app; sourceTree = BUILT_PRODUCTS_DIR; };
		6003F58D195388D20070C39A /* Foundation.framework */ = {isa = PBXFileReference; lastKnownFileType = wrapper.framework; name = Foundation.framework; path = System/Library/Frameworks/Foundation.framework; sourceTree = SDKROOT; };
		6003F58F195388D20070C39A /* CoreGraphics.framework */ = {isa = PBXFileReference; lastKnownFileType = wrapper.framework; name = CoreGraphics.framework; path = System/Library/Frameworks/CoreGraphics.framework; sourceTree = SDKROOT; };
		6003F591195388D20070C39A /* UIKit.framework */ = {isa = PBXFileReference; lastKnownFileType = wrapper.framework; name = UIKit.framework; path = System/Library/Frameworks/UIKit.framework; sourceTree = SDKROOT; };
		6003F595195388D20070C39A /* BlazeFlow-Info.plist */ = {isa = PBXFileReference; lastKnownFileType = text.plist.xml; path = "BlazeFlow-Info.plist"; sourceTree = "<group>"; };
		6003F597195388D20070C39A /* en */ = {isa = PBXFileReference; lastKnownFileType = text.plist.strings; name = en; path = en.lproj/InfoPlist.strings; sourceTree = "<group>"; };
		6003F599195388D20070C39A /* main.m */ = {isa = PBXFileReference; lastKnownFileType = sourcecode.c.objc; path = main.m; sourceTree = "<group>"; };
		6003F59C195388D20070C39A /* AppDelegate.h */ = {isa = PBXFileReference; lastKnownFileType = sourcecode.c.h; path = AppDelegate.h; sourceTree = "<group>"; };
		6003F59D195388D20070C39A /* AppDelegate.m */ = {isa = PBXFileReference; lastKnownFileType = sourcecode.c.objc; path = AppDelegate.m; sourceTree = "<group>"; };
		6003F5A8195388D20070C39A /* Images.xcassets */ = {isa = PBXFileReference; lastKnownFileType = folder.assetcatalog; path = Images.xcassets; sourceTree = "<group>"; };
		60FF3B682760593155D7031A /* BlazeFlow.podspec */ = {isa = PBXFileReference; includeInIndex = 1; lastKnownFileType = text; name = BlazeFlow.podspec; path = ../BlazeFlow.podspec; sourceTree = "<group>"; };
		79D7B04EA208818F210E3F87 /* Pods-BlazeFlow_Login.release.xcconfig */ = {isa = PBXFileReference; includeInIndex = 1; lastKnownFileType = text.xcconfig; name = "Pods-BlazeFlow_Login.release.xcconfig"; path = "Pods/Target Support Files/Pods-BlazeFlow_Login/Pods-BlazeFlow_Login.release.xcconfig"; sourceTree = "<group>"; };
		873B8AEA1B1F5CCA007FD442 /* Main.storyboard */ = {isa = PBXFileReference; fileEncoding = 4; lastKnownFileType = file.storyboard; path = Main.storyboard; sourceTree = "<group>"; };
		A208C343CCFDD20E1FE201D3 /* Pods-BlazeFlow_Simple.debug.xcconfig */ = {isa = PBXFileReference; includeInIndex = 1; lastKnownFileType = text.xcconfig; name = "Pods-BlazeFlow_Simple.debug.xcconfig"; path = "Pods/Target Support Files/Pods-BlazeFlow_Simple/Pods-BlazeFlow_Simple.debug.xcconfig"; sourceTree = "<group>"; };
		A44A82904428B08097AEBD15 /* Pods_BlazeFlow_Tree.framework */ = {isa = PBXFileReference; explicitFileType = wrapper.framework; includeInIndex = 0; path = Pods_BlazeFlow_Tree.framework; sourceTree = BUILT_PRODUCTS_DIR; };
		A5C842A5E48D611959DC1B07 /* Pods-BlazeFlow_Login.debug.xcconfig */ = {isa = PBXFileReference; includeInIndex = 1; lastKnownFileType = text.xcconfig; name = "Pods-BlazeFlow_Login.debug.xcconfig"; path = "Pods/Target Support Files/Pods-BlazeFlow_Login/Pods-BlazeFlow_Login.debug.xcconfig"; sourceTree = "<group>"; };
		B00FF1431E1E3EF70046621C /* BlazeFlow_Simple.plist */ = {isa = PBXFileReference; fileEncoding = 4; lastKnownFileType = text.plist.xml; path = BlazeFlow_Simple.plist; sourceTree = "<group>"; };
		B00FF1441E1E3EF70046621C /* BlazeFlow_Tree.plist */ = {isa = PBXFileReference; fileEncoding = 4; lastKnownFileType = text.plist.xml; path = BlazeFlow_Tree.plist; sourceTree = "<group>"; };
		B027A2871E0A4CC8007703B9 /* BlazeFlowTableViewController.h */ = {isa = PBXFileReference; fileEncoding = 4; lastKnownFileType = sourcecode.c.h; path = BlazeFlowTableViewController.h; sourceTree = "<group>"; };
		B027A2881E0A4CC8007703B9 /* BlazeFlowTableViewController.m */ = {isa = PBXFileReference; fileEncoding = 4; lastKnownFileType = sourcecode.c.objc; path = BlazeFlowTableViewController.m; sourceTree = "<group>"; };
		B027A2891E0A4CC8007703B9 /* BlazeFlowViewController.h */ = {isa = PBXFileReference; fileEncoding = 4; lastKnownFileType = sourcecode.c.h; path = BlazeFlowViewController.h; sourceTree = "<group>"; };
		B027A28A1E0A4CC8007703B9 /* BlazeFlowViewController.m */ = {isa = PBXFileReference; fileEncoding = 4; lastKnownFileType = sourcecode.c.objc; path = BlazeFlowViewController.m; sourceTree = "<group>"; };
		B086896A1E1D067E0014B21D /* BlazeFlow_Simple.app */ = {isa = PBXFileReference; explicitFileType = wrapper.application; includeInIndex = 0; path = BlazeFlow_Simple.app; sourceTree = BUILT_PRODUCTS_DIR; };
		B086896D1E1D0C7E0014B21D /* SimpleFlow.h */ = {isa = PBXFileReference; fileEncoding = 4; lastKnownFileType = sourcecode.c.h; path = SimpleFlow.h; sourceTree = "<group>"; };
		B086896E1E1D0C7E0014B21D /* SimpleFlow.m */ = {isa = PBXFileReference; fileEncoding = 4; lastKnownFileType = sourcecode.c.objc; path = SimpleFlow.m; sourceTree = "<group>"; };
		B08689701E1D0D3F0014B21D /* Main_simple.storyboard */ = {isa = PBXFileReference; fileEncoding = 4; lastKnownFileType = file.storyboard; path = Main_simple.storyboard; sourceTree = "<group>"; };
		B08689731E1D22CC0014B21D /* BlazeFlowSkippable.h */ = {isa = PBXFileReference; fileEncoding = 4; lastKnownFileType = sourcecode.c.h; path = BlazeFlowSkippable.h; sourceTree = "<group>"; };
		B08689741E1D22CC0014B21D /* BlazeFlowSkippable.m */ = {isa = PBXFileReference; fileEncoding = 4; lastKnownFileType = sourcecode.c.objc; path = BlazeFlowSkippable.m; sourceTree = "<group>"; };
		B08689761E1D263A0014B21D /* SimpleFlowViewController.h */ = {isa = PBXFileReference; fileEncoding = 4; lastKnownFileType = sourcecode.c.h; path = SimpleFlowViewController.h; sourceTree = "<group>"; };
		B08689771E1D263A0014B21D /* SimpleFlowViewController.m */ = {isa = PBXFileReference; fileEncoding = 4; lastKnownFileType = sourcecode.c.objc; path = SimpleFlowViewController.m; sourceTree = "<group>"; };
		B08689A31E1D3C960014B21D /* BlazeFlow_Tree.app */ = {isa = PBXFileReference; explicitFileType = wrapper.application; includeInIndex = 0; path = BlazeFlow_Tree.app; sourceTree = BUILT_PRODUCTS_DIR; };
		B08689A51E1D3CC90014B21D /* BlazeFlowTree.h */ = {isa = PBXFileReference; fileEncoding = 4; lastKnownFileType = sourcecode.c.h; path = BlazeFlowTree.h; sourceTree = "<group>"; };
		B08689A61E1D3CC90014B21D /* BlazeFlowTree.m */ = {isa = PBXFileReference; fileEncoding = 4; lastKnownFileType = sourcecode.c.objc; path = BlazeFlowTree.m; sourceTree = "<group>"; };
		B08689A91E1D3FFC0014B21D /* TreeFlow.h */ = {isa = PBXFileReference; fileEncoding = 4; lastKnownFileType = sourcecode.c.h; path = TreeFlow.h; sourceTree = "<group>"; };
		B08689AA1E1D3FFC0014B21D /* TreeFlow.m */ = {isa = PBXFileReference; fileEncoding = 4; lastKnownFileType = sourcecode.c.objc; path = TreeFlow.m; sourceTree = "<group>"; };
		B08689AC1E1D400A0014B21D /* TreeViewController.h */ = {isa = PBXFileReference; fileEncoding = 4; lastKnownFileType = sourcecode.c.h; path = TreeViewController.h; sourceTree = "<group>"; };
		B08689AD1E1D400A0014B21D /* TreeViewController.m */ = {isa = PBXFileReference; fileEncoding = 4; lastKnownFileType = sourcecode.c.objc; path = TreeViewController.m; sourceTree = "<group>"; };
		B08689AF1E1D401C0014B21D /* Main_tree.storyboard */ = {isa = PBXFileReference; fileEncoding = 4; lastKnownFileType = file.storyboard; path = Main_tree.storyboard; sourceTree = "<group>"; };
		B0CF2B841DE836D8004FC2C4 /* BlazeFlow.h */ = {isa = PBXFileReference; fileEncoding = 4; lastKnownFileType = sourcecode.c.h; path = BlazeFlow.h; sourceTree = "<group>"; };
		B0CF2B851DE836D8004FC2C4 /* BlazeFlow.m */ = {isa = PBXFileReference; fileEncoding = 4; lastKnownFileType = sourcecode.c.objc; path = BlazeFlow.m; sourceTree = "<group>"; };
		B0CF2B971DEA0081004FC2C4 /* Launch.xib */ = {isa = PBXFileReference; fileEncoding = 4; lastKnownFileType = file.xib; path = Launch.xib; sourceTree = "<group>"; };
		B0CF2BAA1DEA02C8004FC2C4 /* Base */ = {isa = PBXFileReference; lastKnownFileType = text.plist.strings; name = Base; path = Base.lproj/Localizable.strings; sourceTree = "<group>"; };
		B0CF2BAD1DEA11E4004FC2C4 /* LoginFlow.h */ = {isa = PBXFileReference; fileEncoding = 4; lastKnownFileType = sourcecode.c.h; path = LoginFlow.h; sourceTree = "<group>"; };
		B0CF2BAE1DEA11E4004FC2C4 /* LoginFlow.m */ = {isa = PBXFileReference; fileEncoding = 4; lastKnownFileType = sourcecode.c.objc; path = LoginFlow.m; sourceTree = "<group>"; };
		B0CF2BB11DEA11E4004FC2C4 /* LoginViewController.h */ = {isa = PBXFileReference; fileEncoding = 4; lastKnownFileType = sourcecode.c.h; path = LoginViewController.h; sourceTree = "<group>"; };
		B0CF2BB21DEA11E4004FC2C4 /* LoginViewController.m */ = {isa = PBXFileReference; fileEncoding = 4; lastKnownFileType = sourcecode.c.objc; path = LoginViewController.m; sourceTree = "<group>"; };
		B0CF2BBC1DEA120D004FC2C4 /* UIView+SimpleAnimations.h */ = {isa = PBXFileReference; fileEncoding = 4; lastKnownFileType = sourcecode.c.h; path = "UIView+SimpleAnimations.h"; sourceTree = "<group>"; };
		B0CF2BBD1DEA120D004FC2C4 /* UIView+SimpleAnimations.m */ = {isa = PBXFileReference; fileEncoding = 4; lastKnownFileType = sourcecode.c.objc; path = "UIView+SimpleAnimations.m"; sourceTree = "<group>"; };
		B0CF2BBE1DEA120D004FC2C4 /* User.h */ = {isa = PBXFileReference; fileEncoding = 4; lastKnownFileType = sourcecode.c.h; path = User.h; sourceTree = "<group>"; };
		B0CF2BBF1DEA120D004FC2C4 /* User.m */ = {isa = PBXFileReference; fileEncoding = 4; lastKnownFileType = sourcecode.c.objc; path = User.m; sourceTree = "<group>"; };
		B0CF2BC31DEA125F004FC2C4 /* CardBottomSection.xib */ = {isa = PBXFileReference; fileEncoding = 4; lastKnownFileType = file.xib; path = CardBottomSection.xib; sourceTree = "<group>"; };
		B0CF2BC41DEA125F004FC2C4 /* CardButtonTableViewCell.xib */ = {isa = PBXFileReference; fileEncoding = 4; lastKnownFileType = file.xib; path = CardButtonTableViewCell.xib; sourceTree = "<group>"; };
		B0CF2BC51DEA125F004FC2C4 /* CardForgotPasswordTableViewCell.xib */ = {isa = PBXFileReference; fileEncoding = 4; lastKnownFileType = file.xib; path = CardForgotPasswordTableViewCell.xib; sourceTree = "<group>"; };
		B0CF2BC61DEA125F004FC2C4 /* CardMiddleSection.xib */ = {isa = PBXFileReference; fileEncoding = 4; lastKnownFileType = file.xib; path = CardMiddleSection.xib; sourceTree = "<group>"; };
		B0CF2BC71DEA125F004FC2C4 /* CardTextFieldTableViewCell.xib */ = {isa = PBXFileReference; fileEncoding = 4; lastKnownFileType = file.xib; path = CardTextFieldTableViewCell.xib; sourceTree = "<group>"; };
		B0CF2BC81DEA125F004FC2C4 /* CardTitleTableViewCell.xib */ = {isa = PBXFileReference; fileEncoding = 4; lastKnownFileType = file.xib; path = CardTitleTableViewCell.xib; sourceTree = "<group>"; };
		B0CF2BC91DEA125F004FC2C4 /* CardTopSection.xib */ = {isa = PBXFileReference; fileEncoding = 4; lastKnownFileType = file.xib; path = CardTopSection.xib; sourceTree = "<group>"; };
		BEE705F7EB61DFC747CD3382 /* README.md */ = {isa = PBXFileReference; includeInIndex = 1; lastKnownFileType = net.daringfireball.markdown; name = README.md; path = ../README.md; sourceTree = "<group>"; };
		F423F3F9A4DD0D885851979A /* Pods-BlazeFlow_Example.release.xcconfig */ = {isa = PBXFileReference; includeInIndex = 1; lastKnownFileType = text.xcconfig; name = "Pods-BlazeFlow_Example.release.xcconfig"; path = "Pods/Target Support Files/Pods-BlazeFlow_Example/Pods-BlazeFlow_Example.release.xcconfig"; sourceTree = "<group>"; };
/* End PBXFileReference section */

/* Begin PBXFrameworksBuildPhase section */
		6003F587195388D20070C39A /* Frameworks */ = {
			isa = PBXFrameworksBuildPhase;
			buildActionMask = 2147483647;
			files = (
				6003F590195388D20070C39A /* CoreGraphics.framework in Frameworks */,
				6003F592195388D20070C39A /* UIKit.framework in Frameworks */,
				6003F58E195388D20070C39A /* Foundation.framework in Frameworks */,
				1317CB70D1CC7B1A6AA21572 /* Pods_BlazeFlow_Login.framework in Frameworks */,
			);
			runOnlyForDeploymentPostprocessing = 0;
		};
		B08689531E1D067E0014B21D /* Frameworks */ = {
			isa = PBXFrameworksBuildPhase;
			buildActionMask = 2147483647;
			files = (
				B08689541E1D067E0014B21D /* CoreGraphics.framework in Frameworks */,
				B08689551E1D067E0014B21D /* UIKit.framework in Frameworks */,
				B08689561E1D067E0014B21D /* Foundation.framework in Frameworks */,
				550C082499A426DAE8B4B2F3 /* Pods_BlazeFlow_Simple.framework in Frameworks */,
			);
			runOnlyForDeploymentPostprocessing = 0;
		};
		B086898B1E1D3C960014B21D /* Frameworks */ = {
			isa = PBXFrameworksBuildPhase;
			buildActionMask = 2147483647;
			files = (
				B086898C1E1D3C960014B21D /* CoreGraphics.framework in Frameworks */,
				B086898D1E1D3C960014B21D /* UIKit.framework in Frameworks */,
				B086898E1E1D3C960014B21D /* Foundation.framework in Frameworks */,
				8F965BA394F88B4C8BE8047D /* Pods_BlazeFlow_Tree.framework in Frameworks */,
			);
			runOnlyForDeploymentPostprocessing = 0;
		};
/* End PBXFrameworksBuildPhase section */

/* Begin PBXGroup section */
		6003F581195388D10070C39A = {
			isa = PBXGroup;
			children = (
				60FF7A9C1954A5C5007DD14C /* Podspec Metadata */,
				B0CF2B831DE836A7004FC2C4 /* BlazeFlow */,
				6003F593195388D20070C39A /* Example */,
				6003F58C195388D20070C39A /* Frameworks */,
				6003F58B195388D20070C39A /* Products */,
				C005A9309D91211B1D3506A4 /* Pods */,
			);
			sourceTree = "<group>";
		};
		6003F58B195388D20070C39A /* Products */ = {
			isa = PBXGroup;
			children = (
				6003F58A195388D20070C39A /* BlazeFlow_Login.app */,
				B086896A1E1D067E0014B21D /* BlazeFlow_Simple.app */,
				B08689A31E1D3C960014B21D /* BlazeFlow_Tree.app */,
			);
			name = Products;
			sourceTree = "<group>";
		};
		6003F58C195388D20070C39A /* Frameworks */ = {
			isa = PBXGroup;
			children = (
				6003F58D195388D20070C39A /* Foundation.framework */,
				6003F58F195388D20070C39A /* CoreGraphics.framework */,
				6003F591195388D20070C39A /* UIKit.framework */,
				36012FB7931DDDCDD9654F61 /* Pods_BlazeFlow_Login.framework */,
				24A287227FECA328DBE63EA1 /* Pods_BlazeFlow_Simple.framework */,
				A44A82904428B08097AEBD15 /* Pods_BlazeFlow_Tree.framework */,
			);
			name = Frameworks;
			sourceTree = "<group>";
		};
		6003F593195388D20070C39A /* Example */ = {
			isa = PBXGroup;
			children = (
				B08689A81E1D3FEF0014B21D /* Tree */,
				B086896C1E1D07130014B21D /* Simple */,
				B0CF2BAC1DEA11E4004FC2C4 /* LoginFlow */,
				B0CF2BC21DEA125F004FC2C4 /* TableViewCells */,
				B0CF2BBC1DEA120D004FC2C4 /* UIView+SimpleAnimations.h */,
				B0CF2BBD1DEA120D004FC2C4 /* UIView+SimpleAnimations.m */,
				B0CF2BBE1DEA120D004FC2C4 /* User.h */,
				B0CF2BBF1DEA120D004FC2C4 /* User.m */,
				6003F59C195388D20070C39A /* AppDelegate.h */,
				6003F59D195388D20070C39A /* AppDelegate.m */,
				873B8AEA1B1F5CCA007FD442 /* Main.storyboard */,
				B08689701E1D0D3F0014B21D /* Main_simple.storyboard */,
				B08689AF1E1D401C0014B21D /* Main_tree.storyboard */,
				B0CF2B971DEA0081004FC2C4 /* Launch.xib */,
				6003F5A8195388D20070C39A /* Images.xcassets */,
				6003F594195388D20070C39A /* Supporting Files */,
			);
			name = Example;
			path = BlazeFlow;
			sourceTree = "<group>";
		};
		6003F594195388D20070C39A /* Supporting Files */ = {
			isa = PBXGroup;
			children = (
				B00FF1431E1E3EF70046621C /* BlazeFlow_Simple.plist */,
				B00FF1441E1E3EF70046621C /* BlazeFlow_Tree.plist */,
				6003F595195388D20070C39A /* BlazeFlow-Info.plist */,
				6003F596195388D20070C39A /* InfoPlist.strings */,
				6003F599195388D20070C39A /* main.m */,
				B0CF2BAB1DEA02C8004FC2C4 /* Localizable.strings */,
			);
			name = "Supporting Files";
			sourceTree = "<group>";
		};
		60FF7A9C1954A5C5007DD14C /* Podspec Metadata */ = {
			isa = PBXGroup;
			children = (
				60FF3B682760593155D7031A /* BlazeFlow.podspec */,
				BEE705F7EB61DFC747CD3382 /* README.md */,
				1F41043585A0103B9A26EDAA /* LICENSE */,
			);
			name = "Podspec Metadata";
			sourceTree = "<group>";
		};
		B086896C1E1D07130014B21D /* Simple */ = {
			isa = PBXGroup;
			children = (
				B086896D1E1D0C7E0014B21D /* SimpleFlow.h */,
				B086896E1E1D0C7E0014B21D /* SimpleFlow.m */,
				B08689761E1D263A0014B21D /* SimpleFlowViewController.h */,
				B08689771E1D263A0014B21D /* SimpleFlowViewController.m */,
			);
			name = Simple;
			sourceTree = "<group>";
		};
		B08689A81E1D3FEF0014B21D /* Tree */ = {
			isa = PBXGroup;
			children = (
				B08689A91E1D3FFC0014B21D /* TreeFlow.h */,
				B08689AA1E1D3FFC0014B21D /* TreeFlow.m */,
				B08689AC1E1D400A0014B21D /* TreeViewController.h */,
				B08689AD1E1D400A0014B21D /* TreeViewController.m */,
			);
			name = Tree;
			sourceTree = "<group>";
		};
		B0CF2B831DE836A7004FC2C4 /* BlazeFlow */ = {
			isa = PBXGroup;
			children = (
				B0CF2B841DE836D8004FC2C4 /* BlazeFlow.h */,
				B0CF2B851DE836D8004FC2C4 /* BlazeFlow.m */,
				B08689731E1D22CC0014B21D /* BlazeFlowSkippable.h */,
				B08689741E1D22CC0014B21D /* BlazeFlowSkippable.m */,
				B08689A51E1D3CC90014B21D /* BlazeFlowTree.h */,
				B08689A61E1D3CC90014B21D /* BlazeFlowTree.m */,
				B027A2871E0A4CC8007703B9 /* BlazeFlowTableViewController.h */,
				B027A2881E0A4CC8007703B9 /* BlazeFlowTableViewController.m */,
				B027A2891E0A4CC8007703B9 /* BlazeFlowViewController.h */,
				B027A28A1E0A4CC8007703B9 /* BlazeFlowViewController.m */,
			);
			name = BlazeFlow;
			path = ../BlazeFlow/Classes;
			sourceTree = "<group>";
		};
		B0CF2BAC1DEA11E4004FC2C4 /* LoginFlow */ = {
			isa = PBXGroup;
			children = (
				B0CF2BAD1DEA11E4004FC2C4 /* LoginFlow.h */,
				B0CF2BAE1DEA11E4004FC2C4 /* LoginFlow.m */,
				B0CF2BB11DEA11E4004FC2C4 /* LoginViewController.h */,
				B0CF2BB21DEA11E4004FC2C4 /* LoginViewController.m */,
			);
			path = LoginFlow;
			sourceTree = "<group>";
		};
		B0CF2BC21DEA125F004FC2C4 /* TableViewCells */ = {
			isa = PBXGroup;
			children = (
				B0CF2BC31DEA125F004FC2C4 /* CardBottomSection.xib */,
				B0CF2BC41DEA125F004FC2C4 /* CardButtonTableViewCell.xib */,
				B0CF2BC51DEA125F004FC2C4 /* CardForgotPasswordTableViewCell.xib */,
				B0CF2BC61DEA125F004FC2C4 /* CardMiddleSection.xib */,
				B0CF2BC71DEA125F004FC2C4 /* CardTextFieldTableViewCell.xib */,
				B0CF2BC81DEA125F004FC2C4 /* CardTitleTableViewCell.xib */,
				B0CF2BC91DEA125F004FC2C4 /* CardTopSection.xib */,
			);
			path = TableViewCells;
			sourceTree = "<group>";
		};
		C005A9309D91211B1D3506A4 /* Pods */ = {
			isa = PBXGroup;
			children = (
				34AB87307FD44A46527430C3 /* Pods-BlazeFlow_Example.debug.xcconfig */,
				F423F3F9A4DD0D885851979A /* Pods-BlazeFlow_Example.release.xcconfig */,
				A5C842A5E48D611959DC1B07 /* Pods-BlazeFlow_Login.debug.xcconfig */,
				79D7B04EA208818F210E3F87 /* Pods-BlazeFlow_Login.release.xcconfig */,
				A208C343CCFDD20E1FE201D3 /* Pods-BlazeFlow_Simple.debug.xcconfig */,
				03854CB64AD553F92040D799 /* Pods-BlazeFlow_Simple.release.xcconfig */,
				05F3A68FF0934CA8CB35F42F /* Pods-BlazeFlow_Tree.debug.xcconfig */,
				0339591DFEBA283B3CCDFDFD /* Pods-BlazeFlow_Tree.release.xcconfig */,
			);
			name = Pods;
			sourceTree = "<group>";
		};
/* End PBXGroup section */

/* Begin PBXNativeTarget section */
		6003F589195388D20070C39A /* BlazeFlow_Login */ = {
			isa = PBXNativeTarget;
			buildConfigurationList = 6003F5BF195388D20070C39A /* Build configuration list for PBXNativeTarget "BlazeFlow_Login" */;
			buildPhases = (
				E0B3A8FD6D11D90D818BBD9D /* [CP] Check Pods Manifest.lock */,
				6003F586195388D20070C39A /* Sources */,
				6003F587195388D20070C39A /* Frameworks */,
				6003F588195388D20070C39A /* Resources */,
				E6A6014AFFE9EB59727D0C58 /* [CP] Embed Pods Frameworks */,
				A4169B994A042A139E7CDC6B /* [CP] Copy Pods Resources */,
			);
			buildRules = (
			);
			dependencies = (
			);
			name = BlazeFlow_Login;
			productName = BlazeFlow;
			productReference = 6003F58A195388D20070C39A /* BlazeFlow_Login.app */;
			productType = "com.apple.product-type.application";
		};
		B08689471E1D067E0014B21D /* BlazeFlow_Simple */ = {
			isa = PBXNativeTarget;
			buildConfigurationList = B08689671E1D067E0014B21D /* Build configuration list for PBXNativeTarget "BlazeFlow_Simple" */;
			buildPhases = (
				B08689481E1D067E0014B21D /* [CP] Check Pods Manifest.lock */,
				B08689491E1D067E0014B21D /* Sources */,
				B08689531E1D067E0014B21D /* Frameworks */,
				B08689581E1D067E0014B21D /* Resources */,
				B08689651E1D067E0014B21D /* [CP] Embed Pods Frameworks */,
				B08689661E1D067E0014B21D /* [CP] Copy Pods Resources */,
			);
			buildRules = (
			);
			dependencies = (
			);
			name = BlazeFlow_Simple;
			productName = BlazeFlow;
			productReference = B086896A1E1D067E0014B21D /* BlazeFlow_Simple.app */;
			productType = "com.apple.product-type.application";
		};
		B086897C1E1D3C960014B21D /* BlazeFlow_Tree */ = {
			isa = PBXNativeTarget;
			buildConfigurationList = B08689A01E1D3C960014B21D /* Build configuration list for PBXNativeTarget "BlazeFlow_Tree" */;
			buildPhases = (
				B086897D1E1D3C960014B21D /* [CP] Check Pods Manifest.lock */,
				B086897E1E1D3C960014B21D /* Sources */,
				B086898B1E1D3C960014B21D /* Frameworks */,
				B08689901E1D3C960014B21D /* Resources */,
				B086899E1E1D3C960014B21D /* [CP] Embed Pods Frameworks */,
				B086899F1E1D3C960014B21D /* [CP] Copy Pods Resources */,
			);
			buildRules = (
			);
			dependencies = (
			);
			name = BlazeFlow_Tree;
			productName = BlazeFlow;
			productReference = B08689A31E1D3C960014B21D /* BlazeFlow_Tree.app */;
			productType = "com.apple.product-type.application";
		};
/* End PBXNativeTarget section */

/* Begin PBXProject section */
		6003F582195388D10070C39A /* Project object */ = {
			isa = PBXProject;
			attributes = {
				CLASSPREFIX = RAE;
				LastUpgradeCheck = 0810;
				ORGANIZATIONNAME = "Roy Derks";
			};
			buildConfigurationList = 6003F585195388D10070C39A /* Build configuration list for PBXProject "BlazeFlow" */;
			compatibilityVersion = "Xcode 3.2";
			developmentRegion = English;
			hasScannedForEncodings = 0;
			knownRegions = (
				en,
				Base,
			);
			mainGroup = 6003F581195388D10070C39A;
			productRefGroup = 6003F58B195388D20070C39A /* Products */;
			projectDirPath = "";
			projectRoot = "";
			targets = (
				6003F589195388D20070C39A /* BlazeFlow_Login */,
				B08689471E1D067E0014B21D /* BlazeFlow_Simple */,
				B086897C1E1D3C960014B21D /* BlazeFlow_Tree */,
			);
		};
/* End PBXProject section */

/* Begin PBXResourcesBuildPhase section */
		6003F588195388D20070C39A /* Resources */ = {
			isa = PBXResourcesBuildPhase;
			buildActionMask = 2147483647;
			files = (
				873B8AEB1B1F5CCA007FD442 /* Main.storyboard in Resources */,
				B0CF2BA91DEA02C8004FC2C4 /* Localizable.strings in Resources */,
				B0CF2BCD1DEA125F004FC2C4 /* CardMiddleSection.xib in Resources */,
				B0CF2BCA1DEA125F004FC2C4 /* CardBottomSection.xib in Resources */,
				6003F5A9195388D20070C39A /* Images.xcassets in Resources */,
				B00FF1451E1E3EF70046621C /* BlazeFlow_Simple.plist in Resources */,
				B0CF2B981DEA0081004FC2C4 /* Launch.xib in Resources */,
				B0CF2BCC1DEA125F004FC2C4 /* CardForgotPasswordTableViewCell.xib in Resources */,
				6003F598195388D20070C39A /* InfoPlist.strings in Resources */,
				B00FF1481E1E3EF70046621C /* BlazeFlow_Tree.plist in Resources */,
				B0CF2BCF1DEA125F004FC2C4 /* CardTitleTableViewCell.xib in Resources */,
				B0CF2BD01DEA125F004FC2C4 /* CardTopSection.xib in Resources */,
				B0CF2BCB1DEA125F004FC2C4 /* CardButtonTableViewCell.xib in Resources */,
				B08689B01E1D401C0014B21D /* Main_tree.storyboard in Resources */,
				B0CF2BCE1DEA125F004FC2C4 /* CardTextFieldTableViewCell.xib in Resources */,
			);
			runOnlyForDeploymentPostprocessing = 0;
		};
		B08689581E1D067E0014B21D /* Resources */ = {
			isa = PBXResourcesBuildPhase;
			buildActionMask = 2147483647;
			files = (
				B08689591E1D067E0014B21D /* Main.storyboard in Resources */,
				B086895A1E1D067E0014B21D /* Localizable.strings in Resources */,
				B08689711E1D0D3F0014B21D /* Main_simple.storyboard in Resources */,
				B00FF1491E1E3EF70046621C /* BlazeFlow_Tree.plist in Resources */,
				B08689B11E1D401C0014B21D /* Main_tree.storyboard in Resources */,
				B086895B1E1D067E0014B21D /* CardMiddleSection.xib in Resources */,
				B086895C1E1D067E0014B21D /* CardBottomSection.xib in Resources */,
				B086895D1E1D067E0014B21D /* Images.xcassets in Resources */,
				B086895E1E1D067E0014B21D /* Launch.xib in Resources */,
				B086895F1E1D067E0014B21D /* CardForgotPasswordTableViewCell.xib in Resources */,
				B08689601E1D067E0014B21D /* InfoPlist.strings in Resources */,
				B08689611E1D067E0014B21D /* CardTitleTableViewCell.xib in Resources */,
				B00FF1461E1E3EF70046621C /* BlazeFlow_Simple.plist in Resources */,
				B08689621E1D067E0014B21D /* CardTopSection.xib in Resources */,
				B08689631E1D067E0014B21D /* CardButtonTableViewCell.xib in Resources */,
				B08689641E1D067E0014B21D /* CardTextFieldTableViewCell.xib in Resources */,
			);
			runOnlyForDeploymentPostprocessing = 0;
		};
		B08689901E1D3C960014B21D /* Resources */ = {
			isa = PBXResourcesBuildPhase;
			buildActionMask = 2147483647;
			files = (
				B08689911E1D3C960014B21D /* Main.storyboard in Resources */,
				B08689921E1D3C960014B21D /* Localizable.strings in Resources */,
				B08689931E1D3C960014B21D /* Main_simple.storyboard in Resources */,
				B00FF14A1E1E3EF70046621C /* BlazeFlow_Tree.plist in Resources */,
				B08689B21E1D401C0014B21D /* Main_tree.storyboard in Resources */,
				B08689941E1D3C960014B21D /* CardMiddleSection.xib in Resources */,
				B08689951E1D3C960014B21D /* CardBottomSection.xib in Resources */,
				B08689961E1D3C960014B21D /* Images.xcassets in Resources */,
				B08689971E1D3C960014B21D /* Launch.xib in Resources */,
				B08689981E1D3C960014B21D /* CardForgotPasswordTableViewCell.xib in Resources */,
				B08689991E1D3C960014B21D /* InfoPlist.strings in Resources */,
				B086899A1E1D3C960014B21D /* CardTitleTableViewCell.xib in Resources */,
				B00FF1471E1E3EF70046621C /* BlazeFlow_Simple.plist in Resources */,
				B086899B1E1D3C960014B21D /* CardTopSection.xib in Resources */,
				B086899C1E1D3C960014B21D /* CardButtonTableViewCell.xib in Resources */,
				B086899D1E1D3C960014B21D /* CardTextFieldTableViewCell.xib in Resources */,
			);
			runOnlyForDeploymentPostprocessing = 0;
		};
/* End PBXResourcesBuildPhase section */

/* Begin PBXShellScriptBuildPhase section */
		A4169B994A042A139E7CDC6B /* [CP] Copy Pods Resources */ = {
			isa = PBXShellScriptBuildPhase;
			buildActionMask = 2147483647;
			files = (
			);
			inputPaths = (
			);
			name = "[CP] Copy Pods Resources";
			outputPaths = (
			);
			runOnlyForDeploymentPostprocessing = 0;
			shellPath = /bin/sh;
			shellScript = "\"${SRCROOT}/Pods/Target Support Files/Pods-BlazeFlow_Login/Pods-BlazeFlow_Login-resources.sh\"\n";
			showEnvVarsInLog = 0;
		};
		B08689481E1D067E0014B21D /* [CP] Check Pods Manifest.lock */ = {
			isa = PBXShellScriptBuildPhase;
			buildActionMask = 2147483647;
			files = (
			);
			inputPaths = (
			);
			name = "[CP] Check Pods Manifest.lock";
			outputPaths = (
			);
			runOnlyForDeploymentPostprocessing = 0;
			shellPath = /bin/sh;
			shellScript = "diff \"${PODS_ROOT}/../Podfile.lock\" \"${PODS_ROOT}/Manifest.lock\" > /dev/null\nif [ $? != 0 ] ; then\n    # print error to STDERR\n    echo \"error: The sandbox is not in sync with the Podfile.lock. Run 'pod install' or update your CocoaPods installation.\" >&2\n    exit 1\nfi\n";
			showEnvVarsInLog = 0;
		};
		B08689651E1D067E0014B21D /* [CP] Embed Pods Frameworks */ = {
			isa = PBXShellScriptBuildPhase;
			buildActionMask = 2147483647;
			files = (
			);
			inputPaths = (
			);
			name = "[CP] Embed Pods Frameworks";
			outputPaths = (
			);
			runOnlyForDeploymentPostprocessing = 0;
			shellPath = /bin/sh;
			shellScript = "\"${SRCROOT}/Pods/Target Support Files/Pods-BlazeFlow_Simple/Pods-BlazeFlow_Simple-frameworks.sh\"\n";
			showEnvVarsInLog = 0;
		};
		B08689661E1D067E0014B21D /* [CP] Copy Pods Resources */ = {
			isa = PBXShellScriptBuildPhase;
			buildActionMask = 2147483647;
			files = (
			);
			inputPaths = (
			);
			name = "[CP] Copy Pods Resources";
			outputPaths = (
			);
			runOnlyForDeploymentPostprocessing = 0;
			shellPath = /bin/sh;
			shellScript = "\"${SRCROOT}/Pods/Target Support Files/Pods-BlazeFlow_Simple/Pods-BlazeFlow_Simple-resources.sh\"\n";
			showEnvVarsInLog = 0;
		};
		B086897D1E1D3C960014B21D /* [CP] Check Pods Manifest.lock */ = {
			isa = PBXShellScriptBuildPhase;
			buildActionMask = 2147483647;
			files = (
			);
			inputPaths = (
			);
			name = "[CP] Check Pods Manifest.lock";
			outputPaths = (
			);
			runOnlyForDeploymentPostprocessing = 0;
			shellPath = /bin/sh;
			shellScript = "diff \"${PODS_ROOT}/../Podfile.lock\" \"${PODS_ROOT}/Manifest.lock\" > /dev/null\nif [ $? != 0 ] ; then\n    # print error to STDERR\n    echo \"error: The sandbox is not in sync with the Podfile.lock. Run 'pod install' or update your CocoaPods installation.\" >&2\n    exit 1\nfi\n";
			showEnvVarsInLog = 0;
		};
		B086899E1E1D3C960014B21D /* [CP] Embed Pods Frameworks */ = {
			isa = PBXShellScriptBuildPhase;
			buildActionMask = 2147483647;
			files = (
			);
			inputPaths = (
			);
			name = "[CP] Embed Pods Frameworks";
			outputPaths = (
			);
			runOnlyForDeploymentPostprocessing = 0;
			shellPath = /bin/sh;
			shellScript = "\"${SRCROOT}/Pods/Target Support Files/Pods-BlazeFlow_Tree/Pods-BlazeFlow_Tree-frameworks.sh\"\n";
			showEnvVarsInLog = 0;
		};
		B086899F1E1D3C960014B21D /* [CP] Copy Pods Resources */ = {
			isa = PBXShellScriptBuildPhase;
			buildActionMask = 2147483647;
			files = (
			);
			inputPaths = (
			);
			name = "[CP] Copy Pods Resources";
			outputPaths = (
			);
			runOnlyForDeploymentPostprocessing = 0;
			shellPath = /bin/sh;
			shellScript = "\"${SRCROOT}/Pods/Target Support Files/Pods-BlazeFlow_Tree/Pods-BlazeFlow_Tree-resources.sh\"\n";
			showEnvVarsInLog = 0;
		};
		E0B3A8FD6D11D90D818BBD9D /* [CP] Check Pods Manifest.lock */ = {
			isa = PBXShellScriptBuildPhase;
			buildActionMask = 2147483647;
			files = (
			);
			inputPaths = (
			);
			name = "[CP] Check Pods Manifest.lock";
			outputPaths = (
			);
			runOnlyForDeploymentPostprocessing = 0;
			shellPath = /bin/sh;
			shellScript = "diff \"${PODS_ROOT}/../Podfile.lock\" \"${PODS_ROOT}/Manifest.lock\" > /dev/null\nif [ $? != 0 ] ; then\n    # print error to STDERR\n    echo \"error: The sandbox is not in sync with the Podfile.lock. Run 'pod install' or update your CocoaPods installation.\" >&2\n    exit 1\nfi\n";
			showEnvVarsInLog = 0;
		};
		E6A6014AFFE9EB59727D0C58 /* [CP] Embed Pods Frameworks */ = {
			isa = PBXShellScriptBuildPhase;
			buildActionMask = 2147483647;
			files = (
			);
			inputPaths = (
			);
			name = "[CP] Embed Pods Frameworks";
			outputPaths = (
			);
			runOnlyForDeploymentPostprocessing = 0;
			shellPath = /bin/sh;
			shellScript = "\"${SRCROOT}/Pods/Target Support Files/Pods-BlazeFlow_Login/Pods-BlazeFlow_Login-frameworks.sh\"\n";
			showEnvVarsInLog = 0;
		};
/* End PBXShellScriptBuildPhase section */

/* Begin PBXSourcesBuildPhase section */
		6003F586195388D20070C39A /* Sources */ = {
			isa = PBXSourcesBuildPhase;
			buildActionMask = 2147483647;
			files = (
				B08689791E1D26C80014B21D /* BlazeFlowSkippable.m in Sources */,
				B0CF2BC11DEA120D004FC2C4 /* User.m in Sources */,
				B08689A71E1D3CC90014B21D /* BlazeFlowTree.m in Sources */,
				B0CF2B861DE836D8004FC2C4 /* BlazeFlow.m in Sources */,
				B027A28E1E0A5349007703B9 /* BlazeFlowTableViewController.m in Sources */,
				B027A28F1E0A537D007703B9 /* BlazeFlowViewController.m in Sources */,
				6003F59E195388D20070C39A /* AppDelegate.m in Sources */,
				B086897A1E1D26CF0014B21D /* SimpleFlowViewController.m in Sources */,
				B0CF2BB51DEA11E4004FC2C4 /* LoginViewController.m in Sources */,
				B08689AB1E1D3FFC0014B21D /* TreeFlow.m in Sources */,
				B08689AE1E1D400A0014B21D /* TreeViewController.m in Sources */,
				B0CF2BC01DEA120D004FC2C4 /* UIView+SimpleAnimations.m in Sources */,
				B086896F1E1D0C7E0014B21D /* SimpleFlow.m in Sources */,
				6003F59A195388D20070C39A /* main.m in Sources */,
				B0CF2BB31DEA11E4004FC2C4 /* LoginFlow.m in Sources */,
			);
			runOnlyForDeploymentPostprocessing = 0;
		};
		B08689491E1D067E0014B21D /* Sources */ = {
			isa = PBXSourcesBuildPhase;
			buildActionMask = 2147483647;
			files = (
				B08689751E1D22CC0014B21D /* BlazeFlowSkippable.m in Sources */,
				B086894A1E1D067E0014B21D /* User.m in Sources */,
				B086894B1E1D067E0014B21D /* BlazeFlow.m in Sources */,
				B086894C1E1D067E0014B21D /* BlazeFlowTableViewController.m in Sources */,
				B086894D1E1D067E0014B21D /* BlazeFlowViewController.m in Sources */,
				B086894E1E1D067E0014B21D /* AppDelegate.m in Sources */,
				B08689781E1D263A0014B21D /* SimpleFlowViewController.m in Sources */,
				B086894F1E1D067E0014B21D /* LoginViewController.m in Sources */,
				B08689501E1D067E0014B21D /* UIView+SimpleAnimations.m in Sources */,
				B08689B71E1D402D0014B21D /* BlazeFlowTree.m in Sources */,
				B08689B51E1D40290014B21D /* TreeFlow.m in Sources */,
				B08689721E1D0E910014B21D /* SimpleFlow.m in Sources */,
				B08689B31E1D40250014B21D /* TreeViewController.m in Sources */,
				B08689511E1D067E0014B21D /* main.m in Sources */,
				B08689521E1D067E0014B21D /* LoginFlow.m in Sources */,
			);
			runOnlyForDeploymentPostprocessing = 0;
		};
		B086897E1E1D3C960014B21D /* Sources */ = {
			isa = PBXSourcesBuildPhase;
			buildActionMask = 2147483647;
			files = (
				B086897F1E1D3C960014B21D /* BlazeFlowSkippable.m in Sources */,
				B08689801E1D3C960014B21D /* User.m in Sources */,
				B08689811E1D3C960014B21D /* BlazeFlow.m in Sources */,
				B08689821E1D3C960014B21D /* BlazeFlowTableViewController.m in Sources */,
				B08689831E1D3C960014B21D /* BlazeFlowViewController.m in Sources */,
				B08689841E1D3C960014B21D /* AppDelegate.m in Sources */,
				B08689851E1D3C960014B21D /* SimpleFlowViewController.m in Sources */,
				B08689861E1D3C960014B21D /* LoginViewController.m in Sources */,
				B08689871E1D3C960014B21D /* UIView+SimpleAnimations.m in Sources */,
				B08689B81E1D402E0014B21D /* BlazeFlowTree.m in Sources */,
				B08689B61E1D402A0014B21D /* TreeFlow.m in Sources */,
				B08689881E1D3C960014B21D /* SimpleFlow.m in Sources */,
				B08689B41E1D40260014B21D /* TreeViewController.m in Sources */,
				B08689891E1D3C960014B21D /* main.m in Sources */,
				B086898A1E1D3C960014B21D /* LoginFlow.m in Sources */,
			);
			runOnlyForDeploymentPostprocessing = 0;
		};
/* End PBXSourcesBuildPhase section */

/* Begin PBXVariantGroup section */
		6003F596195388D20070C39A /* InfoPlist.strings */ = {
			isa = PBXVariantGroup;
			children = (
				6003F597195388D20070C39A /* en */,
			);
			name = InfoPlist.strings;
			sourceTree = "<group>";
		};
		B0CF2BAB1DEA02C8004FC2C4 /* Localizable.strings */ = {
			isa = PBXVariantGroup;
			children = (
				B0CF2BAA1DEA02C8004FC2C4 /* Base */,
			);
			name = Localizable.strings;
			sourceTree = "<group>";
		};
/* End PBXVariantGroup section */

/* Begin XCBuildConfiguration section */
		6003F5BD195388D20070C39A /* Debug */ = {
			isa = XCBuildConfiguration;
			buildSettings = {
				ALWAYS_SEARCH_USER_PATHS = NO;
				CLANG_CXX_LANGUAGE_STANDARD = "gnu++0x";
				CLANG_CXX_LIBRARY = "libc++";
				CLANG_ENABLE_MODULES = YES;
				CLANG_ENABLE_OBJC_ARC = YES;
				CLANG_WARN_BOOL_CONVERSION = YES;
				CLANG_WARN_CONSTANT_CONVERSION = YES;
				CLANG_WARN_DIRECT_OBJC_ISA_USAGE = YES_ERROR;
				CLANG_WARN_EMPTY_BODY = YES;
				CLANG_WARN_ENUM_CONVERSION = YES;
				CLANG_WARN_INFINITE_RECURSION = YES;
				CLANG_WARN_INT_CONVERSION = YES;
				CLANG_WARN_OBJC_ROOT_CLASS = YES_ERROR;
				CLANG_WARN_SUSPICIOUS_MOVE = YES;
				CLANG_WARN_UNREACHABLE_CODE = YES;
				CLANG_WARN__DUPLICATE_METHOD_MATCH = YES;
				"CODE_SIGN_IDENTITY[sdk=iphoneos*]" = "iPhone Developer";
				COPY_PHASE_STRIP = NO;
				DEFINES_MODULE = YES;
				ENABLE_STRICT_OBJC_MSGSEND = YES;
				ENABLE_TESTABILITY = YES;
				GCC_C_LANGUAGE_STANDARD = gnu99;
				GCC_DYNAMIC_NO_PIC = NO;
				GCC_NO_COMMON_BLOCKS = YES;
				GCC_OPTIMIZATION_LEVEL = 0;
				GCC_PREPROCESSOR_DEFINITIONS = (
					"DEBUG=1",
					"$(inherited)",
				);
				GCC_SYMBOLS_PRIVATE_EXTERN = NO;
				GCC_WARN_64_TO_32_BIT_CONVERSION = YES;
				GCC_WARN_ABOUT_RETURN_TYPE = YES_ERROR;
				GCC_WARN_UNDECLARED_SELECTOR = YES;
				GCC_WARN_UNINITIALIZED_AUTOS = YES_AGGRESSIVE;
				GCC_WARN_UNUSED_FUNCTION = YES;
				GCC_WARN_UNUSED_VARIABLE = YES;
				IPHONEOS_DEPLOYMENT_TARGET = 8.3;
				MODULE_NAME = BlazeFlow;
				ONLY_ACTIVE_ARCH = YES;
				SDKROOT = iphoneos;
				TARGETED_DEVICE_FAMILY = "1,2";
			};
			name = Debug;
		};
		6003F5BE195388D20070C39A /* Release */ = {
			isa = XCBuildConfiguration;
			buildSettings = {
				ALWAYS_SEARCH_USER_PATHS = NO;
				CLANG_CXX_LANGUAGE_STANDARD = "gnu++0x";
				CLANG_CXX_LIBRARY = "libc++";
				CLANG_ENABLE_MODULES = YES;
				CLANG_ENABLE_OBJC_ARC = YES;
				CLANG_WARN_BOOL_CONVERSION = YES;
				CLANG_WARN_CONSTANT_CONVERSION = YES;
				CLANG_WARN_DIRECT_OBJC_ISA_USAGE = YES_ERROR;
				CLANG_WARN_EMPTY_BODY = YES;
				CLANG_WARN_ENUM_CONVERSION = YES;
				CLANG_WARN_INFINITE_RECURSION = YES;
				CLANG_WARN_INT_CONVERSION = YES;
				CLANG_WARN_OBJC_ROOT_CLASS = YES_ERROR;
				CLANG_WARN_SUSPICIOUS_MOVE = YES;
				CLANG_WARN_UNREACHABLE_CODE = YES;
				CLANG_WARN__DUPLICATE_METHOD_MATCH = YES;
				"CODE_SIGN_IDENTITY[sdk=iphoneos*]" = "iPhone Developer";
				COPY_PHASE_STRIP = YES;
				DEFINES_MODULE = YES;
				ENABLE_NS_ASSERTIONS = NO;
				ENABLE_STRICT_OBJC_MSGSEND = YES;
				GCC_C_LANGUAGE_STANDARD = gnu99;
				GCC_NO_COMMON_BLOCKS = YES;
				GCC_WARN_64_TO_32_BIT_CONVERSION = YES;
				GCC_WARN_ABOUT_RETURN_TYPE = YES_ERROR;
				GCC_WARN_UNDECLARED_SELECTOR = YES;
				GCC_WARN_UNINITIALIZED_AUTOS = YES_AGGRESSIVE;
				GCC_WARN_UNUSED_FUNCTION = YES;
				GCC_WARN_UNUSED_VARIABLE = YES;
				IPHONEOS_DEPLOYMENT_TARGET = 8.3;
				MODULE_NAME = BlazeFlow;
				SDKROOT = iphoneos;
				TARGETED_DEVICE_FAMILY = "1,2";
				VALIDATE_PRODUCT = YES;
			};
			name = Release;
		};
		6003F5C0195388D20070C39A /* Debug */ = {
			isa = XCBuildConfiguration;
			baseConfigurationReference = A5C842A5E48D611959DC1B07 /* Pods-BlazeFlow_Login.debug.xcconfig */;
			buildSettings = {
				ASSETCATALOG_COMPILER_APPICON_NAME = AppIcon;
				DEFINES_MODULE = NO;
				INFOPLIST_FILE = "BlazeFlow/BlazeFlow-Info.plist";
				MODULE_NAME = "";
				PRODUCT_BUNDLE_IDENTIFIER = "org.cocoapods.demo.${PRODUCT_NAME:rfc1034identifier}";
				PRODUCT_NAME = "$(TARGET_NAME)";
				WRAPPER_EXTENSION = app;
			};
			name = Debug;
		};
		6003F5C1195388D20070C39A /* Release */ = {
			isa = XCBuildConfiguration;
			baseConfigurationReference = 79D7B04EA208818F210E3F87 /* Pods-BlazeFlow_Login.release.xcconfig */;
			buildSettings = {
				ASSETCATALOG_COMPILER_APPICON_NAME = AppIcon;
				DEFINES_MODULE = NO;
				INFOPLIST_FILE = "BlazeFlow/BlazeFlow-Info.plist";
				MODULE_NAME = "";
				PRODUCT_BUNDLE_IDENTIFIER = "org.cocoapods.demo.${PRODUCT_NAME:rfc1034identifier}";
				PRODUCT_NAME = "$(TARGET_NAME)";
				WRAPPER_EXTENSION = app;
			};
			name = Release;
		};
		B08689681E1D067E0014B21D /* Debug */ = {
			isa = XCBuildConfiguration;
			baseConfigurationReference = A208C343CCFDD20E1FE201D3 /* Pods-BlazeFlow_Simple.debug.xcconfig */;
			buildSettings = {
				ASSETCATALOG_COMPILER_APPICON_NAME = AppIcon;
				DEFINES_MODULE = NO;
				GCC_PREPROCESSOR_DEFINITIONS = (
					"$(inherited)",
					"COCOAPODS=1",
				);
				INFOPLIST_FILE = "$(SRCROOT)/BlazeFlow/BlazeFlow_Simple.plist";
				MODULE_NAME = "";
				PRODUCT_BUNDLE_IDENTIFIER = "org.cocoapods.demo.${PRODUCT_NAME:rfc1034identifier}";
				PRODUCT_NAME = "$(TARGET_NAME)";
				WRAPPER_EXTENSION = app;
			};
			name = Debug;
		};
		B08689691E1D067E0014B21D /* Release */ = {
			isa = XCBuildConfiguration;
			baseConfigurationReference = 03854CB64AD553F92040D799 /* Pods-BlazeFlow_Simple.release.xcconfig */;
			buildSettings = {
				ASSETCATALOG_COMPILER_APPICON_NAME = AppIcon;
				DEFINES_MODULE = NO;
				INFOPLIST_FILE = "$(SRCROOT)/BlazeFlow/BlazeFlow_Simple.plist";
				MODULE_NAME = "";
				PRODUCT_BUNDLE_IDENTIFIER = "org.cocoapods.demo.${PRODUCT_NAME:rfc1034identifier}";
				PRODUCT_NAME = "$(TARGET_NAME)";
				WRAPPER_EXTENSION = app;
			};
			name = Release;
		};
		B08689A11E1D3C960014B21D /* Debug */ = {
			isa = XCBuildConfiguration;
			baseConfigurationReference = 05F3A68FF0934CA8CB35F42F /* Pods-BlazeFlow_Tree.debug.xcconfig */;
			buildSettings = {
				ASSETCATALOG_COMPILER_APPICON_NAME = AppIcon;
				DEFINES_MODULE = NO;
				GCC_PREPROCESSOR_DEFINITIONS = (
					"$(inherited)",
					"COCOAPODS=1",
				);
				INFOPLIST_FILE = "$(SRCROOT)/BlazeFlow/BlazeFlow_Tree.plist";
				MODULE_NAME = "";
				PRODUCT_BUNDLE_IDENTIFIER = "org.cocoapods.demo.${PRODUCT_NAME:rfc1034identifier}";
				PRODUCT_NAME = "$(TARGET_NAME)";
				WRAPPER_EXTENSION = app;
			};
			name = Debug;
		};
		B08689A21E1D3C960014B21D /* Release */ = {
			isa = XCBuildConfiguration;
			baseConfigurationReference = 0339591DFEBA283B3CCDFDFD /* Pods-BlazeFlow_Tree.release.xcconfig */;
			buildSettings = {
				ASSETCATALOG_COMPILER_APPICON_NAME = AppIcon;
				DEFINES_MODULE = NO;
				INFOPLIST_FILE = "$(SRCROOT)/BlazeFlow/BlazeFlow_Tree.plist";
				MODULE_NAME = "";
				PRODUCT_BUNDLE_IDENTIFIER = "org.cocoapods.demo.${PRODUCT_NAME:rfc1034identifier}";
				PRODUCT_NAME = "$(TARGET_NAME)";
				WRAPPER_EXTENSION = app;
			};
			name = Release;
		};
/* End XCBuildConfiguration section */

/* Begin XCConfigurationList section */
		6003F585195388D10070C39A /* Build configuration list for PBXProject "BlazeFlow" */ = {
			isa = XCConfigurationList;
			buildConfigurations = (
				6003F5BD195388D20070C39A /* Debug */,
				6003F5BE195388D20070C39A /* Release */,
			);
			defaultConfigurationIsVisible = 0;
			defaultConfigurationName = Release;
		};
		6003F5BF195388D20070C39A /* Build configuration list for PBXNativeTarget "BlazeFlow_Login" */ = {
			isa = XCConfigurationList;
			buildConfigurations = (
				6003F5C0195388D20070C39A /* Debug */,
				6003F5C1195388D20070C39A /* Release */,
			);
			defaultConfigurationIsVisible = 0;
			defaultConfigurationName = Release;
		};
		B08689671E1D067E0014B21D /* Build configuration list for PBXNativeTarget "BlazeFlow_Simple" */ = {
			isa = XCConfigurationList;
			buildConfigurations = (
				B08689681E1D067E0014B21D /* Debug */,
				B08689691E1D067E0014B21D /* Release */,
			);
			defaultConfigurationIsVisible = 0;
			defaultConfigurationName = Release;
		};
		B08689A01E1D3C960014B21D /* Build configuration list for PBXNativeTarget "BlazeFlow_Tree" */ = {
			isa = XCConfigurationList;
			buildConfigurations = (
				B08689A11E1D3C960014B21D /* Debug */,
				B08689A21E1D3C960014B21D /* Release */,
			);
			defaultConfigurationIsVisible = 0;
			defaultConfigurationName = Release;
		};
/* End XCConfigurationList section */
	};
	rootObject = 6003F582195388D10070C39A /* Project object */;
}
